// !$*UTF8*$!
{
	archiveVersion = 1;
	classes = {
	};
	objectVersion = 56;
	objects = {

/* Begin PBXBuildFile section */
		1601F3322B42A8A400A2AC61 /* OnBoardingPage.swift in Sources */ = {isa = PBXBuildFile; fileRef = 1601F3292B42A8A400A2AC61 /* OnBoardingPage.swift */; };
		1601F3332B42A8A400A2AC61 /* OnBoardingPageView.swift in Sources */ = {isa = PBXBuildFile; fileRef = 1601F32A2B42A8A400A2AC61 /* OnBoardingPageView.swift */; };
		1601F3382B42A8A400A2AC61 /* OnBoardingPageViewController.swift in Sources */ = {isa = PBXBuildFile; fileRef = 1601F3302B42A8A400A2AC61 /* OnBoardingPageViewController.swift */; };
		1601F3392B42A8A400A2AC61 /* OnBoardingPageControl.swift in Sources */ = {isa = PBXBuildFile; fileRef = 1601F3312B42A8A400A2AC61 /* OnBoardingPageControl.swift */; };
		1601F33C2B42A8DE00A2AC61 /* Assets.xcassets in Resources */ = {isa = PBXBuildFile; fileRef = 1601F33B2B42A8DE00A2AC61 /* Assets.xcassets */; };
		1601F3462B42AB5200A2AC61 /* MainTabView.swift in Sources */ = {isa = PBXBuildFile; fileRef = 1601F3452B42AB5200A2AC61 /* MainTabView.swift */; };
		162A28FE2B45AFE7007EA03A /* MediumShopListCell.swift in Sources */ = {isa = PBXBuildFile; fileRef = 162A28FD2B45AFE7007EA03A /* MediumShopListCell.swift */; };
		162A29002B45B455007EA03A /* SquareShopListCell.swift in Sources */ = {isa = PBXBuildFile; fileRef = 162A28FF2B45B455007EA03A /* SquareShopListCell.swift */; };
		1698FF8F2B42EA2000D5D49B /* HomeView.swift in Sources */ = {isa = PBXBuildFile; fileRef = 1698FF8E2B42EA2000D5D49B /* HomeView.swift */; };
		1698FF912B42EA5700D5D49B /* HomeSearchBarView.swift in Sources */ = {isa = PBXBuildFile; fileRef = 1698FF902B42EA5700D5D49B /* HomeSearchBarView.swift */; };
		1698FF932B42EA6B00D5D49B /* HomeTabBarView.swift in Sources */ = {isa = PBXBuildFile; fileRef = 1698FF922B42EA6B00D5D49B /* HomeTabBarView.swift */; };
		1698FF952B43007600D5D49B /* HomePromotionPageView.swift in Sources */ = {isa = PBXBuildFile; fileRef = 1698FF942B43007600D5D49B /* HomePromotionPageView.swift */; };
		38C3B68E3506BFE90C0AFF4F /* Pods_EGPassOrder_EGPassOrderUITests.framework in Frameworks */ = {isa = PBXBuildFile; fileRef = 13597116AD16009BA960253D /* Pods_EGPassOrder_EGPassOrderUITests.framework */; };
		6D6DDFCF4F8539FAB0907785 /* Pods_EGPassOrder.framework in Frameworks */ = {isa = PBXBuildFile; fileRef = 71887370D54D670C4D17ABFA /* Pods_EGPassOrder.framework */; };
		E6018C1C2B3E742F0032566E /* SplashView.swift in Sources */ = {isa = PBXBuildFile; fileRef = E6018C1B2B3E742F0032566E /* SplashView.swift */; };
		E6018C232B3E95090032566E /* LottieCoffeeAnimation.json in Resources */ = {isa = PBXBuildFile; fileRef = E6018C222B3E95090032566E /* LottieCoffeeAnimation.json */; };
		E6BA6B192B4CD8F0000CF8C4 /* HomeCelebrationView.swift in Sources */ = {isa = PBXBuildFile; fileRef = E6BA6B182B4CD8F0000CF8C4 /* HomeCelebrationView.swift */; };
		E6BA6B1B2B4CF46C000CF8C4 /* HomeMenuListView.swift in Sources */ = {isa = PBXBuildFile; fileRef = E6BA6B1A2B4CF46C000CF8C4 /* HomeMenuListView.swift */; };
		E6BA6B252B4D4170000CF8C4 /* PromotionPageView.swift in Sources */ = {isa = PBXBuildFile; fileRef = E6BA6B242B4D4170000CF8C4 /* PromotionPageView.swift */; };
		E6BA6B702B4D4E0E000CF8C4 /* tip5.json in Resources */ = {isa = PBXBuildFile; fileRef = E6BA6B272B4D4E08000CF8C4 /* tip5.json */; };
		E6BA6B712B4D4E0E000CF8C4 /* gift_order_success.json in Resources */ = {isa = PBXBuildFile; fileRef = E6BA6B282B4D4E09000CF8C4 /* gift_order_success.json */; };
		E6BA6B722B4D4E0E000CF8C4 /* friend_report_friendship_100_0.json in Resources */ = {isa = PBXBuildFile; fileRef = E6BA6B292B4D4E09000CF8C4 /* friend_report_friendship_100_0.json */; };
		E6BA6B732B4D4E0E000CF8C4 /* passorder1.json in Resources */ = {isa = PBXBuildFile; fileRef = E6BA6B2A2B4D4E09000CF8C4 /* passorder1.json */; };
		E6BA6B742B4D4E0E000CF8C4 /* benefit2.json in Resources */ = {isa = PBXBuildFile; fileRef = E6BA6B2B2B4D4E09000CF8C4 /* benefit2.json */; };
		E6BA6B752B4D4E0E000CF8C4 /* write_naver_receipt_review_guide_down.json in Resources */ = {isa = PBXBuildFile; fileRef = E6BA6B2C2B4D4E09000CF8C4 /* write_naver_receipt_review_guide_down.json */; };
		E6BA6B762B4D4E0E000CF8C4 /* time4.json in Resources */ = {isa = PBXBuildFile; fileRef = E6BA6B2D2B4D4E09000CF8C4 /* time4.json */; };
		E6BA6B772B4D4E0E000CF8C4 /* time6.json in Resources */ = {isa = PBXBuildFile; fileRef = E6BA6B2E2B4D4E09000CF8C4 /* time6.json */; };
		E6BA6B782B4D4E0E000CF8C4 /* order_together_send_gift_button.json in Resources */ = {isa = PBXBuildFile; fileRef = E6BA6B2F2B4D4E09000CF8C4 /* order_together_send_gift_button.json */; };
		E6BA6B792B4D4E0E000CF8C4 /* tip3.json in Resources */ = {isa = PBXBuildFile; fileRef = E6BA6B302B4D4E09000CF8C4 /* tip3.json */; };
		E6BA6B7A2B4D4E0E000CF8C4 /* time9.json in Resources */ = {isa = PBXBuildFile; fileRef = E6BA6B312B4D4E09000CF8C4 /* time9.json */; };
		E6BA6B7B2B4D4E0E000CF8C4 /* benefit6.json in Resources */ = {isa = PBXBuildFile; fileRef = E6BA6B322B4D4E09000CF8C4 /* benefit6.json */; };
		E6BA6B7C2B4D4E0E000CF8C4 /* usage9.json in Resources */ = {isa = PBXBuildFile; fileRef = E6BA6B332B4D4E09000CF8C4 /* usage9.json */; };
		E6BA6B7D2B4D4E0E000CF8C4 /* benefit4.json in Resources */ = {isa = PBXBuildFile; fileRef = E6BA6B342B4D4E0A000CF8C4 /* benefit4.json */; };
		E6BA6B7E2B4D4E0E000CF8C4 /* tip4.json in Resources */ = {isa = PBXBuildFile; fileRef = E6BA6B352B4D4E0A000CF8C4 /* tip4.json */; };
		E6BA6B7F2B4D4E0E000CF8C4 /* usage11.json in Resources */ = {isa = PBXBuildFile; fileRef = E6BA6B362B4D4E0A000CF8C4 /* usage11.json */; };
		E6BA6B802B4D4E0E000CF8C4 /* usage5.json in Resources */ = {isa = PBXBuildFile; fileRef = E6BA6B372B4D4E0A000CF8C4 /* usage5.json */; };
		E6BA6B812B4D4E0E000CF8C4 /* write_naver_receipt_review_copy_text_guide.json in Resources */ = {isa = PBXBuildFile; fileRef = E6BA6B382B4D4E0A000CF8C4 /* write_naver_receipt_review_copy_text_guide.json */; };
		E6BA6B822B4D4E0E000CF8C4 /* safety2.json in Resources */ = {isa = PBXBuildFile; fileRef = E6BA6B392B4D4E0A000CF8C4 /* safety2.json */; };
		E6BA6B832B4D4E0E000CF8C4 /* usage6.json in Resources */ = {isa = PBXBuildFile; fileRef = E6BA6B3A2B4D4E0A000CF8C4 /* usage6.json */; };
		E6BA6B842B4D4E0E000CF8C4 /* friend_report_loading.json in Resources */ = {isa = PBXBuildFile; fileRef = E6BA6B3B2B4D4E0A000CF8C4 /* friend_report_loading.json */; };
		E6BA6B852B4D4E0E000CF8C4 /* order_together_button_nudge.json in Resources */ = {isa = PBXBuildFile; fileRef = E6BA6B3C2B4D4E0A000CF8C4 /* order_together_button_nudge.json */; };
		E6BA6B862B4D4E0E000CF8C4 /* friend_report_friendship_10_90.json in Resources */ = {isa = PBXBuildFile; fileRef = E6BA6B3D2B4D4E0A000CF8C4 /* friend_report_friendship_10_90.json */; };
		E6BA6B872B4D4E0E000CF8C4 /* loading.json in Resources */ = {isa = PBXBuildFile; fileRef = E6BA6B3E2B4D4E0A000CF8C4 /* loading.json */; };
		E6BA6B882B4D4E0E000CF8C4 /* time2.json in Resources */ = {isa = PBXBuildFile; fileRef = E6BA6B3F2B4D4E0A000CF8C4 /* time2.json */; };
		E6BA6B892B4D4E0E000CF8C4 /* usage2.json in Resources */ = {isa = PBXBuildFile; fileRef = E6BA6B402B4D4E0A000CF8C4 /* usage2.json */; };
		E6BA6B8A2B4D4E0E000CF8C4 /* time7.json in Resources */ = {isa = PBXBuildFile; fileRef = E6BA6B412B4D4E0A000CF8C4 /* time7.json */; };
		E6BA6B8B2B4D4E0E000CF8C4 /* passorder2.json in Resources */ = {isa = PBXBuildFile; fileRef = E6BA6B422B4D4E0A000CF8C4 /* passorder2.json */; };
		E6BA6B8C2B4D4E0E000CF8C4 /* share100WonPopupCouponPresent.json in Resources */ = {isa = PBXBuildFile; fileRef = E6BA6B432B4D4E0B000CF8C4 /* share100WonPopupCouponPresent.json */; };
		E6BA6B8D2B4D4E0E000CF8C4 /* tip1.json in Resources */ = {isa = PBXBuildFile; fileRef = E6BA6B442B4D4E0B000CF8C4 /* tip1.json */; };
		E6BA6B8E2B4D4E0E000CF8C4 /* tip2.json in Resources */ = {isa = PBXBuildFile; fileRef = E6BA6B452B4D4E0B000CF8C4 /* tip2.json */; };
		E6BA6B8F2B4D4E0E000CF8C4 /* usage8.json in Resources */ = {isa = PBXBuildFile; fileRef = E6BA6B462B4D4E0B000CF8C4 /* usage8.json */; };
		E6BA6B902B4D4E0E000CF8C4 /* friend_report_friendship_90_10.json in Resources */ = {isa = PBXBuildFile; fileRef = E6BA6B472B4D4E0B000CF8C4 /* friend_report_friendship_90_10.json */; };
		E6BA6B912B4D4E0E000CF8C4 /* passmoney_card_onboarding.json in Resources */ = {isa = PBXBuildFile; fileRef = E6BA6B482B4D4E0B000CF8C4 /* passmoney_card_onboarding.json */; };
		E6BA6B922B4D4E0E000CF8C4 /* order_together_onboarding.json in Resources */ = {isa = PBXBuildFile; fileRef = E6BA6B492B4D4E0B000CF8C4 /* order_together_onboarding.json */; };
		E6BA6B932B4D4E0E000CF8C4 /* safety4.json in Resources */ = {isa = PBXBuildFile; fileRef = E6BA6B4A2B4D4E0B000CF8C4 /* safety4.json */; };
		E6BA6B942B4D4E0E000CF8C4 /* time3.json in Resources */ = {isa = PBXBuildFile; fileRef = E6BA6B4B2B4D4E0B000CF8C4 /* time3.json */; };
		E6BA6B952B4D4E0E000CF8C4 /* time1.json in Resources */ = {isa = PBXBuildFile; fileRef = E6BA6B4C2B4D4E0B000CF8C4 /* time1.json */; };
		E6BA6B962B4D4E0E000CF8C4 /* friend_report_friendship_0_100.json in Resources */ = {isa = PBXBuildFile; fileRef = E6BA6B4D2B4D4E0B000CF8C4 /* friend_report_friendship_0_100.json */; };
		E6BA6B972B4D4E0E000CF8C4 /* passmoney_card_pay.json in Resources */ = {isa = PBXBuildFile; fileRef = E6BA6B4E2B4D4E0B000CF8C4 /* passmoney_card_pay.json */; };
		E6BA6B982B4D4E0E000CF8C4 /* order_together_button.json in Resources */ = {isa = PBXBuildFile; fileRef = E6BA6B4F2B4D4E0B000CF8C4 /* order_together_button.json */; };
		E6BA6B992B4D4E0E000CF8C4 /* time8.json in Resources */ = {isa = PBXBuildFile; fileRef = E6BA6B502B4D4E0B000CF8C4 /* time8.json */; };
		E6BA6B9A2B4D4E0E000CF8C4 /* friend_report_friendship_70_30.json in Resources */ = {isa = PBXBuildFile; fileRef = E6BA6B512B4D4E0B000CF8C4 /* friend_report_friendship_70_30.json */; };
		E6BA6B9B2B4D4E0E000CF8C4 /* usage1.json in Resources */ = {isa = PBXBuildFile; fileRef = E6BA6B522B4D4E0C000CF8C4 /* usage1.json */; };
		E6BA6B9C2B4D4E0E000CF8C4 /* friend_report_friendship_40_60.json in Resources */ = {isa = PBXBuildFile; fileRef = E6BA6B532B4D4E0C000CF8C4 /* friend_report_friendship_40_60.json */; };
		E6BA6B9D2B4D4E0E000CF8C4 /* manager1.json in Resources */ = {isa = PBXBuildFile; fileRef = E6BA6B542B4D4E0C000CF8C4 /* manager1.json */; };
		E6BA6B9E2B4D4E0E000CF8C4 /* tip6.json in Resources */ = {isa = PBXBuildFile; fileRef = E6BA6B552B4D4E0C000CF8C4 /* tip6.json */; };
		E6BA6B9F2B4D4E0E000CF8C4 /* write_naver_receipt_review_onboarding_3.json in Resources */ = {isa = PBXBuildFile; fileRef = E6BA6B562B4D4E0C000CF8C4 /* write_naver_receipt_review_onboarding_3.json */; };
		E6BA6BA02B4D4E0E000CF8C4 /* passorder3.json in Resources */ = {isa = PBXBuildFile; fileRef = E6BA6B572B4D4E0C000CF8C4 /* passorder3.json */; };
		E6BA6BA12B4D4E0E000CF8C4 /* safety3.json in Resources */ = {isa = PBXBuildFile; fileRef = E6BA6B582B4D4E0C000CF8C4 /* safety3.json */; };
		E6BA6BA22B4D4E0E000CF8C4 /* time5.json in Resources */ = {isa = PBXBuildFile; fileRef = E6BA6B592B4D4E0C000CF8C4 /* time5.json */; };
		E6BA6BA32B4D4E0E000CF8C4 /* usage7.json in Resources */ = {isa = PBXBuildFile; fileRef = E6BA6B5A2B4D4E0C000CF8C4 /* usage7.json */; };
		E6BA6BA42B4D4E0E000CF8C4 /* friend_report_friendship_30_70.json in Resources */ = {isa = PBXBuildFile; fileRef = E6BA6B5B2B4D4E0D000CF8C4 /* friend_report_friendship_30_70.json */; };
		E6BA6BA52B4D4E0E000CF8C4 /* friend_report_friendship_80_20.json in Resources */ = {isa = PBXBuildFile; fileRef = E6BA6B5C2B4D4E0D000CF8C4 /* friend_report_friendship_80_20.json */; };
		E6BA6BA62B4D4E0E000CF8C4 /* friend_report_down.json in Resources */ = {isa = PBXBuildFile; fileRef = E6BA6B5D2B4D4E0D000CF8C4 /* friend_report_down.json */; };
		E6BA6BA72B4D4E0E000CF8C4 /* friend_report_friendship_20_80.json in Resources */ = {isa = PBXBuildFile; fileRef = E6BA6B5E2B4D4E0D000CF8C4 /* friend_report_friendship_20_80.json */; };
		E6BA6BA82B4D4E0E000CF8C4 /* manager2.json in Resources */ = {isa = PBXBuildFile; fileRef = E6BA6B5F2B4D4E0D000CF8C4 /* manager2.json */; };
		E6BA6BA92B4D4E0E000CF8C4 /* usage3.json in Resources */ = {isa = PBXBuildFile; fileRef = E6BA6B602B4D4E0D000CF8C4 /* usage3.json */; };
		E6BA6BAA2B4D4E0E000CF8C4 /* write_naver_receipt_review_loading.json in Resources */ = {isa = PBXBuildFile; fileRef = E6BA6B612B4D4E0D000CF8C4 /* write_naver_receipt_review_loading.json */; };
		E6BA6BAB2B4D4E0E000CF8C4 /* friend_report_friendship_50_50.json in Resources */ = {isa = PBXBuildFile; fileRef = E6BA6B622B4D4E0D000CF8C4 /* friend_report_friendship_50_50.json */; };
		E6BA6BAC2B4D4E0E000CF8C4 /* benefit5.json in Resources */ = {isa = PBXBuildFile; fileRef = E6BA6B632B4D4E0D000CF8C4 /* benefit5.json */; };
		E6BA6BAD2B4D4E0E000CF8C4 /* manager3.json in Resources */ = {isa = PBXBuildFile; fileRef = E6BA6B642B4D4E0D000CF8C4 /* manager3.json */; };
		E6BA6BAE2B4D4E0E000CF8C4 /* usage10.json in Resources */ = {isa = PBXBuildFile; fileRef = E6BA6B652B4D4E0D000CF8C4 /* usage10.json */; };
		E6BA6BAF2B4D4E0E000CF8C4 /* benefit3.json in Resources */ = {isa = PBXBuildFile; fileRef = E6BA6B662B4D4E0D000CF8C4 /* benefit3.json */; };
		E6BA6BB02B4D4E0E000CF8C4 /* usage12.json in Resources */ = {isa = PBXBuildFile; fileRef = E6BA6B672B4D4E0E000CF8C4 /* usage12.json */; };
		E6BA6BB12B4D4E0E000CF8C4 /* benefit1.json in Resources */ = {isa = PBXBuildFile; fileRef = E6BA6B682B4D4E0E000CF8C4 /* benefit1.json */; };
		E6BA6BB22B4D4E0E000CF8C4 /* friend_report_friendship_60_40.json in Resources */ = {isa = PBXBuildFile; fileRef = E6BA6B692B4D4E0E000CF8C4 /* friend_report_friendship_60_40.json */; };
		E6BA6BB32B4D4E0E000CF8C4 /* usage4.json in Resources */ = {isa = PBXBuildFile; fileRef = E6BA6B6A2B4D4E0E000CF8C4 /* usage4.json */; };
		E6BA6BB42B4D4E0E000CF8C4 /* safety1.json in Resources */ = {isa = PBXBuildFile; fileRef = E6BA6B6B2B4D4E0E000CF8C4 /* safety1.json */; };
		E6BA6BB52B4D4E0E000CF8C4 /* write_naver_receipt_review_onboarding_1.json in Resources */ = {isa = PBXBuildFile; fileRef = E6BA6B6C2B4D4E0E000CF8C4 /* write_naver_receipt_review_onboarding_1.json */; };
		E6BA6BB62B4D4E0E000CF8C4 /* safety5.json in Resources */ = {isa = PBXBuildFile; fileRef = E6BA6B6D2B4D4E0E000CF8C4 /* safety5.json */; };
		E6BA6BB72B4D4E0E000CF8C4 /* right_arrow.json in Resources */ = {isa = PBXBuildFile; fileRef = E6BA6B6E2B4D4E0E000CF8C4 /* right_arrow.json */; };
		E6BA6BB82B4D4E0E000CF8C4 /* write_naver_receipt_review_onboarding_2.json in Resources */ = {isa = PBXBuildFile; fileRef = E6BA6B6F2B4D4E0E000CF8C4 /* write_naver_receipt_review_onboarding_2.json */; };
		E6C177962B3D46D10011FE74 /* EGPassOrderApp.swift in Sources */ = {isa = PBXBuildFile; fileRef = E6C177952B3D46D10011FE74 /* EGPassOrderApp.swift */; };
		E6C177982B3D46D10011FE74 /* ContentView.swift in Sources */ = {isa = PBXBuildFile; fileRef = E6C177972B3D46D10011FE74 /* ContentView.swift */; };
		E6C1779D2B3D46D20011FE74 /* Preview Assets.xcassets in Resources */ = {isa = PBXBuildFile; fileRef = E6C1779C2B3D46D20011FE74 /* Preview Assets.xcassets */; };
		E6C177A72B3D46D30011FE74 /* EGPassOrderTests.swift in Sources */ = {isa = PBXBuildFile; fileRef = E6C177A62B3D46D30011FE74 /* EGPassOrderTests.swift */; };
		E6C177B12B3D46D30011FE74 /* EGPassOrderUITests.swift in Sources */ = {isa = PBXBuildFile; fileRef = E6C177B02B3D46D30011FE74 /* EGPassOrderUITests.swift */; };
		E6C177B32B3D46D30011FE74 /* EGPassOrderUITestsLaunchTests.swift in Sources */ = {isa = PBXBuildFile; fileRef = E6C177B22B3D46D30011FE74 /* EGPassOrderUITestsLaunchTests.swift */; };
		E6EB663B2B439E5400B82AD9 /* HomeNearbyShopListView.swift in Sources */ = {isa = PBXBuildFile; fileRef = E6EB663A2B439E5400B82AD9 /* HomeNearbyShopListView.swift */; };
		E6EB663E2B43A96A00B82AD9 /* LargeShopListCell.swift in Sources */ = {isa = PBXBuildFile; fileRef = E6EB663D2B43A96A00B82AD9 /* LargeShopListCell.swift */; };
		E6EB66402B43ADD100B82AD9 /* ShopListCellType.swift in Sources */ = {isa = PBXBuildFile; fileRef = E6EB663F2B43ADD100B82AD9 /* ShopListCellType.swift */; };
		E6EB66422B43B19D00B82AD9 /* PassOrderAssets.xcassets in Resources */ = {isa = PBXBuildFile; fileRef = E6EB66412B43B19D00B82AD9 /* PassOrderAssets.xcassets */; };
		E6EB66442B43F10300B82AD9 /* HomePointShopListView.swift in Sources */ = {isa = PBXBuildFile; fileRef = E6EB66432B43F10300B82AD9 /* HomePointShopListView.swift */; };
		E6EB66462B43F2D300B82AD9 /* HomePassOrderAdView.swift in Sources */ = {isa = PBXBuildFile; fileRef = E6EB66452B43F2D300B82AD9 /* HomePassOrderAdView.swift */; };
		E6EB66482B43F2F400B82AD9 /* HomeStoryShopListView.swift in Sources */ = {isa = PBXBuildFile; fileRef = E6EB66472B43F2F400B82AD9 /* HomeStoryShopListView.swift */; };
		E6EB664A2B43F36100B82AD9 /* HomeDrinkAndGoShopListView.swift in Sources */ = {isa = PBXBuildFile; fileRef = E6EB66492B43F36100B82AD9 /* HomeDrinkAndGoShopListView.swift */; };
		E6EB664C2B43F3CC00B82AD9 /* HomeNewShopListView.swift in Sources */ = {isa = PBXBuildFile; fileRef = E6EB664B2B43F3CC00B82AD9 /* HomeNewShopListView.swift */; };
		E6EB664E2B43F41600B82AD9 /* SmallShopListCell.swift in Sources */ = {isa = PBXBuildFile; fileRef = E6EB664D2B43F41600B82AD9 /* SmallShopListCell.swift */; };
		E6EB665D2B46517700B82AD9 /* ShopListCellConfigurable.swift in Sources */ = {isa = PBXBuildFile; fileRef = E6EB665C2B46517700B82AD9 /* ShopListCellConfigurable.swift */; };
		F3D9BC54659113D420CD2920 /* Pods_EGPassOrderTests.framework in Frameworks */ = {isa = PBXBuildFile; fileRef = 3B4F4BA2215670A8EC60DA2E /* Pods_EGPassOrderTests.framework */; };
/* End PBXBuildFile section */

/* Begin PBXContainerItemProxy section */
		E6C177A32B3D46D30011FE74 /* PBXContainerItemProxy */ = {
			isa = PBXContainerItemProxy;
			containerPortal = E6C1778A2B3D46D10011FE74 /* Project object */;
			proxyType = 1;
			remoteGlobalIDString = E6C177912B3D46D10011FE74;
			remoteInfo = EGPassOrder;
		};
		E6C177AD2B3D46D30011FE74 /* PBXContainerItemProxy */ = {
			isa = PBXContainerItemProxy;
			containerPortal = E6C1778A2B3D46D10011FE74 /* Project object */;
			proxyType = 1;
			remoteGlobalIDString = E6C177912B3D46D10011FE74;
			remoteInfo = EGPassOrder;
		};
/* End PBXContainerItemProxy section */

/* Begin PBXFileReference section */
		13597116AD16009BA960253D /* Pods_EGPassOrder_EGPassOrderUITests.framework */ = {isa = PBXFileReference; explicitFileType = wrapper.framework; includeInIndex = 0; path = Pods_EGPassOrder_EGPassOrderUITests.framework; sourceTree = BUILT_PRODUCTS_DIR; };
		1601F3292B42A8A400A2AC61 /* OnBoardingPage.swift */ = {isa = PBXFileReference; fileEncoding = 4; lastKnownFileType = sourcecode.swift; path = OnBoardingPage.swift; sourceTree = "<group>"; };
		1601F32A2B42A8A400A2AC61 /* OnBoardingPageView.swift */ = {isa = PBXFileReference; fileEncoding = 4; lastKnownFileType = sourcecode.swift; path = OnBoardingPageView.swift; sourceTree = "<group>"; };
		1601F3302B42A8A400A2AC61 /* OnBoardingPageViewController.swift */ = {isa = PBXFileReference; fileEncoding = 4; lastKnownFileType = sourcecode.swift; path = OnBoardingPageViewController.swift; sourceTree = "<group>"; };
		1601F3312B42A8A400A2AC61 /* OnBoardingPageControl.swift */ = {isa = PBXFileReference; fileEncoding = 4; lastKnownFileType = sourcecode.swift; path = OnBoardingPageControl.swift; sourceTree = "<group>"; };
		1601F33B2B42A8DE00A2AC61 /* Assets.xcassets */ = {isa = PBXFileReference; lastKnownFileType = folder.assetcatalog; path = Assets.xcassets; sourceTree = "<group>"; };
		1601F3452B42AB5200A2AC61 /* MainTabView.swift */ = {isa = PBXFileReference; lastKnownFileType = sourcecode.swift; path = MainTabView.swift; sourceTree = "<group>"; };
		162A28FD2B45AFE7007EA03A /* MediumShopListCell.swift */ = {isa = PBXFileReference; lastKnownFileType = sourcecode.swift; path = MediumShopListCell.swift; sourceTree = "<group>"; };
		162A28FF2B45B455007EA03A /* SquareShopListCell.swift */ = {isa = PBXFileReference; lastKnownFileType = sourcecode.swift; path = SquareShopListCell.swift; sourceTree = "<group>"; };
		1698FF8E2B42EA2000D5D49B /* HomeView.swift */ = {isa = PBXFileReference; lastKnownFileType = sourcecode.swift; path = HomeView.swift; sourceTree = "<group>"; };
		1698FF902B42EA5700D5D49B /* HomeSearchBarView.swift */ = {isa = PBXFileReference; lastKnownFileType = sourcecode.swift; path = HomeSearchBarView.swift; sourceTree = "<group>"; };
		1698FF922B42EA6B00D5D49B /* HomeTabBarView.swift */ = {isa = PBXFileReference; lastKnownFileType = sourcecode.swift; path = HomeTabBarView.swift; sourceTree = "<group>"; };
		1698FF942B43007600D5D49B /* HomePromotionPageView.swift */ = {isa = PBXFileReference; lastKnownFileType = sourcecode.swift; path = HomePromotionPageView.swift; sourceTree = "<group>"; };
		188FDF47C69FE654771D02EF /* Pods-EGPassOrder.debug.xcconfig */ = {isa = PBXFileReference; includeInIndex = 1; lastKnownFileType = text.xcconfig; name = "Pods-EGPassOrder.debug.xcconfig"; path = "Target Support Files/Pods-EGPassOrder/Pods-EGPassOrder.debug.xcconfig"; sourceTree = "<group>"; };
		2D8FAF7CB368DCD52D3CA9D3 /* Pods-EGPassOrderTests.release.xcconfig */ = {isa = PBXFileReference; includeInIndex = 1; lastKnownFileType = text.xcconfig; name = "Pods-EGPassOrderTests.release.xcconfig"; path = "Target Support Files/Pods-EGPassOrderTests/Pods-EGPassOrderTests.release.xcconfig"; sourceTree = "<group>"; };
		37558ADC9EE1925DE43A2887 /* Pods-EGPassOrder-EGPassOrderUITests.debug.xcconfig */ = {isa = PBXFileReference; includeInIndex = 1; lastKnownFileType = text.xcconfig; name = "Pods-EGPassOrder-EGPassOrderUITests.debug.xcconfig"; path = "Target Support Files/Pods-EGPassOrder-EGPassOrderUITests/Pods-EGPassOrder-EGPassOrderUITests.debug.xcconfig"; sourceTree = "<group>"; };
		3B4F4BA2215670A8EC60DA2E /* Pods_EGPassOrderTests.framework */ = {isa = PBXFileReference; explicitFileType = wrapper.framework; includeInIndex = 0; path = Pods_EGPassOrderTests.framework; sourceTree = BUILT_PRODUCTS_DIR; };
		71887370D54D670C4D17ABFA /* Pods_EGPassOrder.framework */ = {isa = PBXFileReference; explicitFileType = wrapper.framework; includeInIndex = 0; path = Pods_EGPassOrder.framework; sourceTree = BUILT_PRODUCTS_DIR; };
		99DB7138240CEB9200DB6D06 /* Pods-EGPassOrder-EGPassOrderUITests.release.xcconfig */ = {isa = PBXFileReference; includeInIndex = 1; lastKnownFileType = text.xcconfig; name = "Pods-EGPassOrder-EGPassOrderUITests.release.xcconfig"; path = "Target Support Files/Pods-EGPassOrder-EGPassOrderUITests/Pods-EGPassOrder-EGPassOrderUITests.release.xcconfig"; sourceTree = "<group>"; };
		BF2D68A594552C9EB52987EC /* Pods-EGPassOrderTests.debug.xcconfig */ = {isa = PBXFileReference; includeInIndex = 1; lastKnownFileType = text.xcconfig; name = "Pods-EGPassOrderTests.debug.xcconfig"; path = "Target Support Files/Pods-EGPassOrderTests/Pods-EGPassOrderTests.debug.xcconfig"; sourceTree = "<group>"; };
		E6018C1B2B3E742F0032566E /* SplashView.swift */ = {isa = PBXFileReference; lastKnownFileType = sourcecode.swift; path = SplashView.swift; sourceTree = "<group>"; };
		E6018C222B3E95090032566E /* LottieCoffeeAnimation.json */ = {isa = PBXFileReference; fileEncoding = 4; lastKnownFileType = text.json; path = LottieCoffeeAnimation.json; sourceTree = "<group>"; };
		E6BA6B182B4CD8F0000CF8C4 /* HomeCelebrationView.swift */ = {isa = PBXFileReference; lastKnownFileType = sourcecode.swift; path = HomeCelebrationView.swift; sourceTree = "<group>"; };
		E6BA6B1A2B4CF46C000CF8C4 /* HomeMenuListView.swift */ = {isa = PBXFileReference; lastKnownFileType = sourcecode.swift; path = HomeMenuListView.swift; sourceTree = "<group>"; };
		E6BA6B242B4D4170000CF8C4 /* PromotionPageView.swift */ = {isa = PBXFileReference; lastKnownFileType = sourcecode.swift; path = PromotionPageView.swift; sourceTree = "<group>"; };
		E6BA6B272B4D4E08000CF8C4 /* tip5.json */ = {isa = PBXFileReference; fileEncoding = 4; lastKnownFileType = text.json; path = tip5.json; sourceTree = "<group>"; };
		E6BA6B282B4D4E09000CF8C4 /* gift_order_success.json */ = {isa = PBXFileReference; fileEncoding = 4; lastKnownFileType = text.json; path = gift_order_success.json; sourceTree = "<group>"; };
		E6BA6B292B4D4E09000CF8C4 /* friend_report_friendship_100_0.json */ = {isa = PBXFileReference; fileEncoding = 4; lastKnownFileType = text.json; path = friend_report_friendship_100_0.json; sourceTree = "<group>"; };
		E6BA6B2A2B4D4E09000CF8C4 /* passorder1.json */ = {isa = PBXFileReference; fileEncoding = 4; lastKnownFileType = text.json; path = passorder1.json; sourceTree = "<group>"; };
		E6BA6B2B2B4D4E09000CF8C4 /* benefit2.json */ = {isa = PBXFileReference; fileEncoding = 4; lastKnownFileType = text.json; path = benefit2.json; sourceTree = "<group>"; };
		E6BA6B2C2B4D4E09000CF8C4 /* write_naver_receipt_review_guide_down.json */ = {isa = PBXFileReference; fileEncoding = 4; lastKnownFileType = text.json; path = write_naver_receipt_review_guide_down.json; sourceTree = "<group>"; };
		E6BA6B2D2B4D4E09000CF8C4 /* time4.json */ = {isa = PBXFileReference; fileEncoding = 4; lastKnownFileType = text.json; path = time4.json; sourceTree = "<group>"; };
		E6BA6B2E2B4D4E09000CF8C4 /* time6.json */ = {isa = PBXFileReference; fileEncoding = 4; lastKnownFileType = text.json; path = time6.json; sourceTree = "<group>"; };
		E6BA6B2F2B4D4E09000CF8C4 /* order_together_send_gift_button.json */ = {isa = PBXFileReference; fileEncoding = 4; lastKnownFileType = text.json; path = order_together_send_gift_button.json; sourceTree = "<group>"; };
		E6BA6B302B4D4E09000CF8C4 /* tip3.json */ = {isa = PBXFileReference; fileEncoding = 4; lastKnownFileType = text.json; path = tip3.json; sourceTree = "<group>"; };
		E6BA6B312B4D4E09000CF8C4 /* time9.json */ = {isa = PBXFileReference; fileEncoding = 4; lastKnownFileType = text.json; path = time9.json; sourceTree = "<group>"; };
		E6BA6B322B4D4E09000CF8C4 /* benefit6.json */ = {isa = PBXFileReference; fileEncoding = 4; lastKnownFileType = text.json; path = benefit6.json; sourceTree = "<group>"; };
		E6BA6B332B4D4E09000CF8C4 /* usage9.json */ = {isa = PBXFileReference; fileEncoding = 4; lastKnownFileType = text.json; path = usage9.json; sourceTree = "<group>"; };
		E6BA6B342B4D4E0A000CF8C4 /* benefit4.json */ = {isa = PBXFileReference; fileEncoding = 4; lastKnownFileType = text.json; path = benefit4.json; sourceTree = "<group>"; };
		E6BA6B352B4D4E0A000CF8C4 /* tip4.json */ = {isa = PBXFileReference; fileEncoding = 4; lastKnownFileType = text.json; path = tip4.json; sourceTree = "<group>"; };
		E6BA6B362B4D4E0A000CF8C4 /* usage11.json */ = {isa = PBXFileReference; fileEncoding = 4; lastKnownFileType = text.json; path = usage11.json; sourceTree = "<group>"; };
		E6BA6B372B4D4E0A000CF8C4 /* usage5.json */ = {isa = PBXFileReference; fileEncoding = 4; lastKnownFileType = text.json; path = usage5.json; sourceTree = "<group>"; };
		E6BA6B382B4D4E0A000CF8C4 /* write_naver_receipt_review_copy_text_guide.json */ = {isa = PBXFileReference; fileEncoding = 4; lastKnownFileType = text.json; path = write_naver_receipt_review_copy_text_guide.json; sourceTree = "<group>"; };
		E6BA6B392B4D4E0A000CF8C4 /* safety2.json */ = {isa = PBXFileReference; fileEncoding = 4; lastKnownFileType = text.json; path = safety2.json; sourceTree = "<group>"; };
		E6BA6B3A2B4D4E0A000CF8C4 /* usage6.json */ = {isa = PBXFileReference; fileEncoding = 4; lastKnownFileType = text.json; path = usage6.json; sourceTree = "<group>"; };
		E6BA6B3B2B4D4E0A000CF8C4 /* friend_report_loading.json */ = {isa = PBXFileReference; fileEncoding = 4; lastKnownFileType = text.json; path = friend_report_loading.json; sourceTree = "<group>"; };
		E6BA6B3C2B4D4E0A000CF8C4 /* order_together_button_nudge.json */ = {isa = PBXFileReference; fileEncoding = 4; lastKnownFileType = text.json; path = order_together_button_nudge.json; sourceTree = "<group>"; };
		E6BA6B3D2B4D4E0A000CF8C4 /* friend_report_friendship_10_90.json */ = {isa = PBXFileReference; fileEncoding = 4; lastKnownFileType = text.json; path = friend_report_friendship_10_90.json; sourceTree = "<group>"; };
		E6BA6B3E2B4D4E0A000CF8C4 /* loading.json */ = {isa = PBXFileReference; fileEncoding = 4; lastKnownFileType = text.json; path = loading.json; sourceTree = "<group>"; };
		E6BA6B3F2B4D4E0A000CF8C4 /* time2.json */ = {isa = PBXFileReference; fileEncoding = 4; lastKnownFileType = text.json; path = time2.json; sourceTree = "<group>"; };
		E6BA6B402B4D4E0A000CF8C4 /* usage2.json */ = {isa = PBXFileReference; fileEncoding = 4; lastKnownFileType = text.json; path = usage2.json; sourceTree = "<group>"; };
		E6BA6B412B4D4E0A000CF8C4 /* time7.json */ = {isa = PBXFileReference; fileEncoding = 4; lastKnownFileType = text.json; path = time7.json; sourceTree = "<group>"; };
		E6BA6B422B4D4E0A000CF8C4 /* passorder2.json */ = {isa = PBXFileReference; fileEncoding = 4; lastKnownFileType = text.json; path = passorder2.json; sourceTree = "<group>"; };
		E6BA6B432B4D4E0B000CF8C4 /* share100WonPopupCouponPresent.json */ = {isa = PBXFileReference; fileEncoding = 4; lastKnownFileType = text.json; path = share100WonPopupCouponPresent.json; sourceTree = "<group>"; };
		E6BA6B442B4D4E0B000CF8C4 /* tip1.json */ = {isa = PBXFileReference; fileEncoding = 4; lastKnownFileType = text.json; path = tip1.json; sourceTree = "<group>"; };
		E6BA6B452B4D4E0B000CF8C4 /* tip2.json */ = {isa = PBXFileReference; fileEncoding = 4; lastKnownFileType = text.json; path = tip2.json; sourceTree = "<group>"; };
		E6BA6B462B4D4E0B000CF8C4 /* usage8.json */ = {isa = PBXFileReference; fileEncoding = 4; lastKnownFileType = text.json; path = usage8.json; sourceTree = "<group>"; };
		E6BA6B472B4D4E0B000CF8C4 /* friend_report_friendship_90_10.json */ = {isa = PBXFileReference; fileEncoding = 4; lastKnownFileType = text.json; path = friend_report_friendship_90_10.json; sourceTree = "<group>"; };
		E6BA6B482B4D4E0B000CF8C4 /* passmoney_card_onboarding.json */ = {isa = PBXFileReference; fileEncoding = 4; lastKnownFileType = text.json; path = passmoney_card_onboarding.json; sourceTree = "<group>"; };
		E6BA6B492B4D4E0B000CF8C4 /* order_together_onboarding.json */ = {isa = PBXFileReference; fileEncoding = 4; lastKnownFileType = text.json; path = order_together_onboarding.json; sourceTree = "<group>"; };
		E6BA6B4A2B4D4E0B000CF8C4 /* safety4.json */ = {isa = PBXFileReference; fileEncoding = 4; lastKnownFileType = text.json; path = safety4.json; sourceTree = "<group>"; };
		E6BA6B4B2B4D4E0B000CF8C4 /* time3.json */ = {isa = PBXFileReference; fileEncoding = 4; lastKnownFileType = text.json; path = time3.json; sourceTree = "<group>"; };
		E6BA6B4C2B4D4E0B000CF8C4 /* time1.json */ = {isa = PBXFileReference; fileEncoding = 4; lastKnownFileType = text.json; path = time1.json; sourceTree = "<group>"; };
		E6BA6B4D2B4D4E0B000CF8C4 /* friend_report_friendship_0_100.json */ = {isa = PBXFileReference; fileEncoding = 4; lastKnownFileType = text.json; path = friend_report_friendship_0_100.json; sourceTree = "<group>"; };
		E6BA6B4E2B4D4E0B000CF8C4 /* passmoney_card_pay.json */ = {isa = PBXFileReference; fileEncoding = 4; lastKnownFileType = text.json; path = passmoney_card_pay.json; sourceTree = "<group>"; };
		E6BA6B4F2B4D4E0B000CF8C4 /* order_together_button.json */ = {isa = PBXFileReference; fileEncoding = 4; lastKnownFileType = text.json; path = order_together_button.json; sourceTree = "<group>"; };
		E6BA6B502B4D4E0B000CF8C4 /* time8.json */ = {isa = PBXFileReference; fileEncoding = 4; lastKnownFileType = text.json; path = time8.json; sourceTree = "<group>"; };
		E6BA6B512B4D4E0B000CF8C4 /* friend_report_friendship_70_30.json */ = {isa = PBXFileReference; fileEncoding = 4; lastKnownFileType = text.json; path = friend_report_friendship_70_30.json; sourceTree = "<group>"; };
		E6BA6B522B4D4E0C000CF8C4 /* usage1.json */ = {isa = PBXFileReference; fileEncoding = 4; lastKnownFileType = text.json; path = usage1.json; sourceTree = "<group>"; };
		E6BA6B532B4D4E0C000CF8C4 /* friend_report_friendship_40_60.json */ = {isa = PBXFileReference; fileEncoding = 4; lastKnownFileType = text.json; path = friend_report_friendship_40_60.json; sourceTree = "<group>"; };
		E6BA6B542B4D4E0C000CF8C4 /* manager1.json */ = {isa = PBXFileReference; fileEncoding = 4; lastKnownFileType = text.json; path = manager1.json; sourceTree = "<group>"; };
		E6BA6B552B4D4E0C000CF8C4 /* tip6.json */ = {isa = PBXFileReference; fileEncoding = 4; lastKnownFileType = text.json; path = tip6.json; sourceTree = "<group>"; };
		E6BA6B562B4D4E0C000CF8C4 /* write_naver_receipt_review_onboarding_3.json */ = {isa = PBXFileReference; fileEncoding = 4; lastKnownFileType = text.json; path = write_naver_receipt_review_onboarding_3.json; sourceTree = "<group>"; };
		E6BA6B572B4D4E0C000CF8C4 /* passorder3.json */ = {isa = PBXFileReference; fileEncoding = 4; lastKnownFileType = text.json; path = passorder3.json; sourceTree = "<group>"; };
		E6BA6B582B4D4E0C000CF8C4 /* safety3.json */ = {isa = PBXFileReference; fileEncoding = 4; lastKnownFileType = text.json; path = safety3.json; sourceTree = "<group>"; };
		E6BA6B592B4D4E0C000CF8C4 /* time5.json */ = {isa = PBXFileReference; fileEncoding = 4; lastKnownFileType = text.json; path = time5.json; sourceTree = "<group>"; };
		E6BA6B5A2B4D4E0C000CF8C4 /* usage7.json */ = {isa = PBXFileReference; fileEncoding = 4; lastKnownFileType = text.json; path = usage7.json; sourceTree = "<group>"; };
		E6BA6B5B2B4D4E0D000CF8C4 /* friend_report_friendship_30_70.json */ = {isa = PBXFileReference; fileEncoding = 4; lastKnownFileType = text.json; path = friend_report_friendship_30_70.json; sourceTree = "<group>"; };
		E6BA6B5C2B4D4E0D000CF8C4 /* friend_report_friendship_80_20.json */ = {isa = PBXFileReference; fileEncoding = 4; lastKnownFileType = text.json; path = friend_report_friendship_80_20.json; sourceTree = "<group>"; };
		E6BA6B5D2B4D4E0D000CF8C4 /* friend_report_down.json */ = {isa = PBXFileReference; fileEncoding = 4; lastKnownFileType = text.json; path = friend_report_down.json; sourceTree = "<group>"; };
		E6BA6B5E2B4D4E0D000CF8C4 /* friend_report_friendship_20_80.json */ = {isa = PBXFileReference; fileEncoding = 4; lastKnownFileType = text.json; path = friend_report_friendship_20_80.json; sourceTree = "<group>"; };
		E6BA6B5F2B4D4E0D000CF8C4 /* manager2.json */ = {isa = PBXFileReference; fileEncoding = 4; lastKnownFileType = text.json; path = manager2.json; sourceTree = "<group>"; };
		E6BA6B602B4D4E0D000CF8C4 /* usage3.json */ = {isa = PBXFileReference; fileEncoding = 4; lastKnownFileType = text.json; path = usage3.json; sourceTree = "<group>"; };
		E6BA6B612B4D4E0D000CF8C4 /* write_naver_receipt_review_loading.json */ = {isa = PBXFileReference; fileEncoding = 4; lastKnownFileType = text.json; path = write_naver_receipt_review_loading.json; sourceTree = "<group>"; };
		E6BA6B622B4D4E0D000CF8C4 /* friend_report_friendship_50_50.json */ = {isa = PBXFileReference; fileEncoding = 4; lastKnownFileType = text.json; path = friend_report_friendship_50_50.json; sourceTree = "<group>"; };
		E6BA6B632B4D4E0D000CF8C4 /* benefit5.json */ = {isa = PBXFileReference; fileEncoding = 4; lastKnownFileType = text.json; path = benefit5.json; sourceTree = "<group>"; };
		E6BA6B642B4D4E0D000CF8C4 /* manager3.json */ = {isa = PBXFileReference; fileEncoding = 4; lastKnownFileType = text.json; path = manager3.json; sourceTree = "<group>"; };
		E6BA6B652B4D4E0D000CF8C4 /* usage10.json */ = {isa = PBXFileReference; fileEncoding = 4; lastKnownFileType = text.json; path = usage10.json; sourceTree = "<group>"; };
		E6BA6B662B4D4E0D000CF8C4 /* benefit3.json */ = {isa = PBXFileReference; fileEncoding = 4; lastKnownFileType = text.json; path = benefit3.json; sourceTree = "<group>"; };
		E6BA6B672B4D4E0E000CF8C4 /* usage12.json */ = {isa = PBXFileReference; fileEncoding = 4; lastKnownFileType = text.json; path = usage12.json; sourceTree = "<group>"; };
		E6BA6B682B4D4E0E000CF8C4 /* benefit1.json */ = {isa = PBXFileReference; fileEncoding = 4; lastKnownFileType = text.json; path = benefit1.json; sourceTree = "<group>"; };
		E6BA6B692B4D4E0E000CF8C4 /* friend_report_friendship_60_40.json */ = {isa = PBXFileReference; fileEncoding = 4; lastKnownFileType = text.json; path = friend_report_friendship_60_40.json; sourceTree = "<group>"; };
		E6BA6B6A2B4D4E0E000CF8C4 /* usage4.json */ = {isa = PBXFileReference; fileEncoding = 4; lastKnownFileType = text.json; path = usage4.json; sourceTree = "<group>"; };
		E6BA6B6B2B4D4E0E000CF8C4 /* safety1.json */ = {isa = PBXFileReference; fileEncoding = 4; lastKnownFileType = text.json; path = safety1.json; sourceTree = "<group>"; };
		E6BA6B6C2B4D4E0E000CF8C4 /* write_naver_receipt_review_onboarding_1.json */ = {isa = PBXFileReference; fileEncoding = 4; lastKnownFileType = text.json; path = write_naver_receipt_review_onboarding_1.json; sourceTree = "<group>"; };
		E6BA6B6D2B4D4E0E000CF8C4 /* safety5.json */ = {isa = PBXFileReference; fileEncoding = 4; lastKnownFileType = text.json; path = safety5.json; sourceTree = "<group>"; };
		E6BA6B6E2B4D4E0E000CF8C4 /* right_arrow.json */ = {isa = PBXFileReference; fileEncoding = 4; lastKnownFileType = text.json; path = right_arrow.json; sourceTree = "<group>"; };
		E6BA6B6F2B4D4E0E000CF8C4 /* write_naver_receipt_review_onboarding_2.json */ = {isa = PBXFileReference; fileEncoding = 4; lastKnownFileType = text.json; path = write_naver_receipt_review_onboarding_2.json; sourceTree = "<group>"; };
		E6C177922B3D46D10011FE74 /* EGPassOrder.app */ = {isa = PBXFileReference; explicitFileType = wrapper.application; includeInIndex = 0; path = EGPassOrder.app; sourceTree = BUILT_PRODUCTS_DIR; };
		E6C177952B3D46D10011FE74 /* EGPassOrderApp.swift */ = {isa = PBXFileReference; lastKnownFileType = sourcecode.swift; path = EGPassOrderApp.swift; sourceTree = "<group>"; };
		E6C177972B3D46D10011FE74 /* ContentView.swift */ = {isa = PBXFileReference; lastKnownFileType = sourcecode.swift; path = ContentView.swift; sourceTree = "<group>"; };
		E6C1779C2B3D46D20011FE74 /* Preview Assets.xcassets */ = {isa = PBXFileReference; lastKnownFileType = folder.assetcatalog; path = "Preview Assets.xcassets"; sourceTree = "<group>"; };
		E6C177A22B3D46D30011FE74 /* EGPassOrderTests.xctest */ = {isa = PBXFileReference; explicitFileType = wrapper.cfbundle; includeInIndex = 0; path = EGPassOrderTests.xctest; sourceTree = BUILT_PRODUCTS_DIR; };
		E6C177A62B3D46D30011FE74 /* EGPassOrderTests.swift */ = {isa = PBXFileReference; lastKnownFileType = sourcecode.swift; path = EGPassOrderTests.swift; sourceTree = "<group>"; };
		E6C177AC2B3D46D30011FE74 /* EGPassOrderUITests.xctest */ = {isa = PBXFileReference; explicitFileType = wrapper.cfbundle; includeInIndex = 0; path = EGPassOrderUITests.xctest; sourceTree = BUILT_PRODUCTS_DIR; };
		E6C177B02B3D46D30011FE74 /* EGPassOrderUITests.swift */ = {isa = PBXFileReference; lastKnownFileType = sourcecode.swift; path = EGPassOrderUITests.swift; sourceTree = "<group>"; };
		E6C177B22B3D46D30011FE74 /* EGPassOrderUITestsLaunchTests.swift */ = {isa = PBXFileReference; lastKnownFileType = sourcecode.swift; path = EGPassOrderUITestsLaunchTests.swift; sourceTree = "<group>"; };
		E6EB663A2B439E5400B82AD9 /* HomeNearbyShopListView.swift */ = {isa = PBXFileReference; lastKnownFileType = sourcecode.swift; path = HomeNearbyShopListView.swift; sourceTree = "<group>"; };
		E6EB663D2B43A96A00B82AD9 /* LargeShopListCell.swift */ = {isa = PBXFileReference; lastKnownFileType = sourcecode.swift; path = LargeShopListCell.swift; sourceTree = "<group>"; };
		E6EB663F2B43ADD100B82AD9 /* ShopListCellType.swift */ = {isa = PBXFileReference; lastKnownFileType = sourcecode.swift; path = ShopListCellType.swift; sourceTree = "<group>"; };
		E6EB66412B43B19D00B82AD9 /* PassOrderAssets.xcassets */ = {isa = PBXFileReference; lastKnownFileType = folder.assetcatalog; path = PassOrderAssets.xcassets; sourceTree = "<group>"; };
		E6EB66432B43F10300B82AD9 /* HomePointShopListView.swift */ = {isa = PBXFileReference; lastKnownFileType = sourcecode.swift; path = HomePointShopListView.swift; sourceTree = "<group>"; };
		E6EB66452B43F2D300B82AD9 /* HomePassOrderAdView.swift */ = {isa = PBXFileReference; lastKnownFileType = sourcecode.swift; path = HomePassOrderAdView.swift; sourceTree = "<group>"; };
		E6EB66472B43F2F400B82AD9 /* HomeStoryShopListView.swift */ = {isa = PBXFileReference; lastKnownFileType = sourcecode.swift; path = HomeStoryShopListView.swift; sourceTree = "<group>"; };
		E6EB66492B43F36100B82AD9 /* HomeDrinkAndGoShopListView.swift */ = {isa = PBXFileReference; lastKnownFileType = sourcecode.swift; path = HomeDrinkAndGoShopListView.swift; sourceTree = "<group>"; };
		E6EB664B2B43F3CC00B82AD9 /* HomeNewShopListView.swift */ = {isa = PBXFileReference; lastKnownFileType = sourcecode.swift; path = HomeNewShopListView.swift; sourceTree = "<group>"; };
		E6EB664D2B43F41600B82AD9 /* SmallShopListCell.swift */ = {isa = PBXFileReference; lastKnownFileType = sourcecode.swift; path = SmallShopListCell.swift; sourceTree = "<group>"; };
		E6EB665C2B46517700B82AD9 /* ShopListCellConfigurable.swift */ = {isa = PBXFileReference; lastKnownFileType = sourcecode.swift; path = ShopListCellConfigurable.swift; sourceTree = "<group>"; };
		F83E9B2F84E2C8B6D2DC6828 /* Pods-EGPassOrder.release.xcconfig */ = {isa = PBXFileReference; includeInIndex = 1; lastKnownFileType = text.xcconfig; name = "Pods-EGPassOrder.release.xcconfig"; path = "Target Support Files/Pods-EGPassOrder/Pods-EGPassOrder.release.xcconfig"; sourceTree = "<group>"; };
/* End PBXFileReference section */

/* Begin PBXFrameworksBuildPhase section */
		E6C1778F2B3D46D10011FE74 /* Frameworks */ = {
			isa = PBXFrameworksBuildPhase;
			buildActionMask = 2147483647;
			files = (
				6D6DDFCF4F8539FAB0907785 /* Pods_EGPassOrder.framework in Frameworks */,
			);
			runOnlyForDeploymentPostprocessing = 0;
		};
		E6C1779F2B3D46D30011FE74 /* Frameworks */ = {
			isa = PBXFrameworksBuildPhase;
			buildActionMask = 2147483647;
			files = (
				F3D9BC54659113D420CD2920 /* Pods_EGPassOrderTests.framework in Frameworks */,
			);
			runOnlyForDeploymentPostprocessing = 0;
		};
		E6C177A92B3D46D30011FE74 /* Frameworks */ = {
			isa = PBXFrameworksBuildPhase;
			buildActionMask = 2147483647;
			files = (
				38C3B68E3506BFE90C0AFF4F /* Pods_EGPassOrder_EGPassOrderUITests.framework in Frameworks */,
			);
			runOnlyForDeploymentPostprocessing = 0;
		};
/* End PBXFrameworksBuildPhase section */

/* Begin PBXGroup section */
		1601F3272B42A89300A2AC61 /* Recovered References */ = {
			isa = PBXGroup;
			children = (
			);
			name = "Recovered References";
			sourceTree = "<group>";
		};
		1601F3282B42A8A400A2AC61 /* OnBoardingScene */ = {
			isa = PBXGroup;
			children = (
				E6BA6B172B4CCE2D000CF8C4 /* SubViews */,
				1601F32A2B42A8A400A2AC61 /* OnBoardingPageView.swift */,
			);
			path = OnBoardingScene;
			sourceTree = "<group>";
		};
		1601F33A2B42A8DE00A2AC61 /* Resources */ = {
			isa = PBXGroup;
			children = (
				E6BA6B262B4D4DF1000CF8C4 /* LottieAnimations */,
				1601F33B2B42A8DE00A2AC61 /* Assets.xcassets */,
				E6EB66412B43B19D00B82AD9 /* PassOrderAssets.xcassets */,
			);
			path = Resources;
			sourceTree = "<group>";
		};
		1601F3432B42A9B200A2AC61 /* App */ = {
			isa = PBXGroup;
			children = (
				E6C177952B3D46D10011FE74 /* EGPassOrderApp.swift */,
				E6C177972B3D46D10011FE74 /* ContentView.swift */,
			);
			path = App;
			sourceTree = "<group>";
		};
		1601F3442B42AB2200A2AC61 /* MainScene */ = {
			isa = PBXGroup;
			children = (
				1601F3452B42AB5200A2AC61 /* MainTabView.swift */,
			);
			path = MainScene;
			sourceTree = "<group>";
		};
		1698FF8D2B42EA1300D5D49B /* HomeScene */ = {
			isa = PBXGroup;
			children = (
				E6BA6B162B4CCE13000CF8C4 /* SubViews */,
				1698FF8E2B42EA2000D5D49B /* HomeView.swift */,
			);
			path = HomeScene;
			sourceTree = "<group>";
		};
		332A8090E21F79951DCA386C /* Frameworks */ = {
			isa = PBXGroup;
			children = (
				71887370D54D670C4D17ABFA /* Pods_EGPassOrder.framework */,
				13597116AD16009BA960253D /* Pods_EGPassOrder_EGPassOrderUITests.framework */,
				3B4F4BA2215670A8EC60DA2E /* Pods_EGPassOrderTests.framework */,
			);
			name = Frameworks;
			sourceTree = "<group>";
		};
		7F487A72659244FD3974A19B /* Pods */ = {
			isa = PBXGroup;
			children = (
				188FDF47C69FE654771D02EF /* Pods-EGPassOrder.debug.xcconfig */,
				F83E9B2F84E2C8B6D2DC6828 /* Pods-EGPassOrder.release.xcconfig */,
				37558ADC9EE1925DE43A2887 /* Pods-EGPassOrder-EGPassOrderUITests.debug.xcconfig */,
				99DB7138240CEB9200DB6D06 /* Pods-EGPassOrder-EGPassOrderUITests.release.xcconfig */,
				BF2D68A594552C9EB52987EC /* Pods-EGPassOrderTests.debug.xcconfig */,
				2D8FAF7CB368DCD52D3CA9D3 /* Pods-EGPassOrderTests.release.xcconfig */,
			);
			path = Pods;
			sourceTree = "<group>";
		};
		E6018C192B3E73FB0032566E /* Presentations */ = {
			isa = PBXGroup;
			children = (
				E6BA6B232B4D4162000CF8C4 /* CommonSubviews */,
				1698FF8D2B42EA1300D5D49B /* HomeScene */,
				1601F3442B42AB2200A2AC61 /* MainScene */,
				1601F3282B42A8A400A2AC61 /* OnBoardingScene */,
				E6018C1A2B3E741D0032566E /* SplashScene */,
			);
			path = Presentations;
			sourceTree = "<group>";
		};
		E6018C1A2B3E741D0032566E /* SplashScene */ = {
			isa = PBXGroup;
			children = (
				E6018C1B2B3E742F0032566E /* SplashView.swift */,
				E6018C222B3E95090032566E /* LottieCoffeeAnimation.json */,
			);
			path = SplashScene;
			sourceTree = "<group>";
		};
		E6BA6B162B4CCE13000CF8C4 /* SubViews */ = {
			isa = PBXGroup;
			children = (
				E6EB663C2B43A94800B82AD9 /* ShopListCells */,
				E6EB66492B43F36100B82AD9 /* HomeDrinkAndGoShopListView.swift */,
				E6EB663A2B439E5400B82AD9 /* HomeNearbyShopListView.swift */,
				E6EB664B2B43F3CC00B82AD9 /* HomeNewShopListView.swift */,
				E6EB66452B43F2D300B82AD9 /* HomePassOrderAdView.swift */,
				E6EB66432B43F10300B82AD9 /* HomePointShopListView.swift */,
				1698FF942B43007600D5D49B /* HomePromotionPageView.swift */,
				1698FF902B42EA5700D5D49B /* HomeSearchBarView.swift */,
				E6EB66472B43F2F400B82AD9 /* HomeStoryShopListView.swift */,
				1698FF922B42EA6B00D5D49B /* HomeTabBarView.swift */,
				E6BA6B182B4CD8F0000CF8C4 /* HomeCelebrationView.swift */,
				E6BA6B1A2B4CF46C000CF8C4 /* HomeMenuListView.swift */,
			);
			path = SubViews;
			sourceTree = "<group>";
		};
		E6BA6B172B4CCE2D000CF8C4 /* SubViews */ = {
			isa = PBXGroup;
			children = (
				1601F3292B42A8A400A2AC61 /* OnBoardingPage.swift */,
				1601F3312B42A8A400A2AC61 /* OnBoardingPageControl.swift */,
				1601F3302B42A8A400A2AC61 /* OnBoardingPageViewController.swift */,
			);
			path = SubViews;
			sourceTree = "<group>";
		};
		E6BA6B232B4D4162000CF8C4 /* CommonSubviews */ = {
			isa = PBXGroup;
			children = (
				E6BA6B242B4D4170000CF8C4 /* PromotionPageView.swift */,
			);
			path = CommonSubviews;
			sourceTree = "<group>";
		};
		E6BA6B262B4D4DF1000CF8C4 /* LottieAnimations */ = {
			isa = PBXGroup;
			children = (
				E6BA6B682B4D4E0E000CF8C4 /* benefit1.json */,
				E6BA6B2B2B4D4E09000CF8C4 /* benefit2.json */,
				E6BA6B662B4D4E0D000CF8C4 /* benefit3.json */,
				E6BA6B342B4D4E0A000CF8C4 /* benefit4.json */,
				E6BA6B632B4D4E0D000CF8C4 /* benefit5.json */,
				E6BA6B322B4D4E09000CF8C4 /* benefit6.json */,
				E6BA6B5D2B4D4E0D000CF8C4 /* friend_report_down.json */,
				E6BA6B4D2B4D4E0B000CF8C4 /* friend_report_friendship_0_100.json */,
				E6BA6B3D2B4D4E0A000CF8C4 /* friend_report_friendship_10_90.json */,
				E6BA6B5E2B4D4E0D000CF8C4 /* friend_report_friendship_20_80.json */,
				E6BA6B5B2B4D4E0D000CF8C4 /* friend_report_friendship_30_70.json */,
				E6BA6B532B4D4E0C000CF8C4 /* friend_report_friendship_40_60.json */,
				E6BA6B622B4D4E0D000CF8C4 /* friend_report_friendship_50_50.json */,
				E6BA6B692B4D4E0E000CF8C4 /* friend_report_friendship_60_40.json */,
				E6BA6B512B4D4E0B000CF8C4 /* friend_report_friendship_70_30.json */,
				E6BA6B5C2B4D4E0D000CF8C4 /* friend_report_friendship_80_20.json */,
				E6BA6B472B4D4E0B000CF8C4 /* friend_report_friendship_90_10.json */,
				E6BA6B292B4D4E09000CF8C4 /* friend_report_friendship_100_0.json */,
				E6BA6B3B2B4D4E0A000CF8C4 /* friend_report_loading.json */,
				E6BA6B282B4D4E09000CF8C4 /* gift_order_success.json */,
				E6BA6B3E2B4D4E0A000CF8C4 /* loading.json */,
				E6BA6B542B4D4E0C000CF8C4 /* manager1.json */,
				E6BA6B5F2B4D4E0D000CF8C4 /* manager2.json */,
				E6BA6B642B4D4E0D000CF8C4 /* manager3.json */,
				E6BA6B3C2B4D4E0A000CF8C4 /* order_together_button_nudge.json */,
				E6BA6B4F2B4D4E0B000CF8C4 /* order_together_button.json */,
				E6BA6B492B4D4E0B000CF8C4 /* order_together_onboarding.json */,
				E6BA6B2F2B4D4E09000CF8C4 /* order_together_send_gift_button.json */,
				E6BA6B482B4D4E0B000CF8C4 /* passmoney_card_onboarding.json */,
				E6BA6B4E2B4D4E0B000CF8C4 /* passmoney_card_pay.json */,
				E6BA6B2A2B4D4E09000CF8C4 /* passorder1.json */,
				E6BA6B422B4D4E0A000CF8C4 /* passorder2.json */,
				E6BA6B572B4D4E0C000CF8C4 /* passorder3.json */,
				E6BA6B6E2B4D4E0E000CF8C4 /* right_arrow.json */,
				E6BA6B6B2B4D4E0E000CF8C4 /* safety1.json */,
				E6BA6B392B4D4E0A000CF8C4 /* safety2.json */,
				E6BA6B582B4D4E0C000CF8C4 /* safety3.json */,
				E6BA6B4A2B4D4E0B000CF8C4 /* safety4.json */,
				E6BA6B6D2B4D4E0E000CF8C4 /* safety5.json */,
				E6BA6B432B4D4E0B000CF8C4 /* share100WonPopupCouponPresent.json */,
				E6BA6B4C2B4D4E0B000CF8C4 /* time1.json */,
				E6BA6B3F2B4D4E0A000CF8C4 /* time2.json */,
				E6BA6B4B2B4D4E0B000CF8C4 /* time3.json */,
				E6BA6B2D2B4D4E09000CF8C4 /* time4.json */,
				E6BA6B592B4D4E0C000CF8C4 /* time5.json */,
				E6BA6B2E2B4D4E09000CF8C4 /* time6.json */,
				E6BA6B412B4D4E0A000CF8C4 /* time7.json */,
				E6BA6B502B4D4E0B000CF8C4 /* time8.json */,
				E6BA6B312B4D4E09000CF8C4 /* time9.json */,
				E6BA6B442B4D4E0B000CF8C4 /* tip1.json */,
				E6BA6B452B4D4E0B000CF8C4 /* tip2.json */,
				E6BA6B302B4D4E09000CF8C4 /* tip3.json */,
				E6BA6B352B4D4E0A000CF8C4 /* tip4.json */,
				E6BA6B272B4D4E08000CF8C4 /* tip5.json */,
				E6BA6B552B4D4E0C000CF8C4 /* tip6.json */,
				E6BA6B522B4D4E0C000CF8C4 /* usage1.json */,
				E6BA6B402B4D4E0A000CF8C4 /* usage2.json */,
				E6BA6B602B4D4E0D000CF8C4 /* usage3.json */,
				E6BA6B6A2B4D4E0E000CF8C4 /* usage4.json */,
				E6BA6B372B4D4E0A000CF8C4 /* usage5.json */,
				E6BA6B3A2B4D4E0A000CF8C4 /* usage6.json */,
				E6BA6B5A2B4D4E0C000CF8C4 /* usage7.json */,
				E6BA6B462B4D4E0B000CF8C4 /* usage8.json */,
				E6BA6B332B4D4E09000CF8C4 /* usage9.json */,
				E6BA6B652B4D4E0D000CF8C4 /* usage10.json */,
				E6BA6B362B4D4E0A000CF8C4 /* usage11.json */,
				E6BA6B672B4D4E0E000CF8C4 /* usage12.json */,
				E6BA6B382B4D4E0A000CF8C4 /* write_naver_receipt_review_copy_text_guide.json */,
				E6BA6B2C2B4D4E09000CF8C4 /* write_naver_receipt_review_guide_down.json */,
				E6BA6B612B4D4E0D000CF8C4 /* write_naver_receipt_review_loading.json */,
				E6BA6B6C2B4D4E0E000CF8C4 /* write_naver_receipt_review_onboarding_1.json */,
				E6BA6B6F2B4D4E0E000CF8C4 /* write_naver_receipt_review_onboarding_2.json */,
				E6BA6B562B4D4E0C000CF8C4 /* write_naver_receipt_review_onboarding_3.json */,
			);
			path = LottieAnimations;
			sourceTree = "<group>";
		};
		E6C177892B3D46D10011FE74 = {
			isa = PBXGroup;
			children = (
				E6C177942B3D46D10011FE74 /* EGPassOrder */,
				E6C177A52B3D46D30011FE74 /* EGPassOrderTests */,
				E6C177AF2B3D46D30011FE74 /* EGPassOrderUITests */,
				E6C177932B3D46D10011FE74 /* Products */,
				1601F3272B42A89300A2AC61 /* Recovered References */,
				7F487A72659244FD3974A19B /* Pods */,
				332A8090E21F79951DCA386C /* Frameworks */,
			);
			sourceTree = "<group>";
		};
		E6C177932B3D46D10011FE74 /* Products */ = {
			isa = PBXGroup;
			children = (
				E6C177922B3D46D10011FE74 /* EGPassOrder.app */,
				E6C177A22B3D46D30011FE74 /* EGPassOrderTests.xctest */,
				E6C177AC2B3D46D30011FE74 /* EGPassOrderUITests.xctest */,
			);
			name = Products;
			sourceTree = "<group>";
		};
		E6C177942B3D46D10011FE74 /* EGPassOrder */ = {
			isa = PBXGroup;
			children = (
				1601F3432B42A9B200A2AC61 /* App */,
				1601F33A2B42A8DE00A2AC61 /* Resources */,
				E6018C192B3E73FB0032566E /* Presentations */,
				E6C1779B2B3D46D20011FE74 /* Preview Content */,
			);
			path = EGPassOrder;
			sourceTree = "<group>";
		};
		E6C1779B2B3D46D20011FE74 /* Preview Content */ = {
			isa = PBXGroup;
			children = (
				E6C1779C2B3D46D20011FE74 /* Preview Assets.xcassets */,
			);
			path = "Preview Content";
			sourceTree = "<group>";
		};
		E6C177A52B3D46D30011FE74 /* EGPassOrderTests */ = {
			isa = PBXGroup;
			children = (
				E6C177A62B3D46D30011FE74 /* EGPassOrderTests.swift */,
			);
			path = EGPassOrderTests;
			sourceTree = "<group>";
		};
		E6C177AF2B3D46D30011FE74 /* EGPassOrderUITests */ = {
			isa = PBXGroup;
			children = (
				E6C177B02B3D46D30011FE74 /* EGPassOrderUITests.swift */,
				E6C177B22B3D46D30011FE74 /* EGPassOrderUITestsLaunchTests.swift */,
			);
			path = EGPassOrderUITests;
			sourceTree = "<group>";
		};
		E6EB663C2B43A94800B82AD9 /* ShopListCells */ = {
			isa = PBXGroup;
			children = (
				E6EB665C2B46517700B82AD9 /* ShopListCellConfigurable.swift */,
				E6EB663F2B43ADD100B82AD9 /* ShopListCellType.swift */,
				E6EB664D2B43F41600B82AD9 /* SmallShopListCell.swift */,
				162A28FD2B45AFE7007EA03A /* MediumShopListCell.swift */,
				162A28FF2B45B455007EA03A /* SquareShopListCell.swift */,
				E6EB663D2B43A96A00B82AD9 /* LargeShopListCell.swift */,
			);
			path = ShopListCells;
			sourceTree = "<group>";
		};
/* End PBXGroup section */

/* Begin PBXNativeTarget section */
		E6C177912B3D46D10011FE74 /* EGPassOrder */ = {
			isa = PBXNativeTarget;
			buildConfigurationList = E6C177B62B3D46D30011FE74 /* Build configuration list for PBXNativeTarget "EGPassOrder" */;
			buildPhases = (
				69B9114F4111B6D0FB5B4617 /* [CP] Check Pods Manifest.lock */,
				E6C1778E2B3D46D10011FE74 /* Sources */,
				E6C1778F2B3D46D10011FE74 /* Frameworks */,
				E6C177902B3D46D10011FE74 /* Resources */,
				1B04C84B81E6F48BF2AF7511 /* [CP] Embed Pods Frameworks */,
			);
			buildRules = (
			);
			dependencies = (
			);
			name = EGPassOrder;
			packageProductDependencies = (
			);
			productName = EGPassOrder;
			productReference = E6C177922B3D46D10011FE74 /* EGPassOrder.app */;
			productType = "com.apple.product-type.application";
		};
		E6C177A12B3D46D30011FE74 /* EGPassOrderTests */ = {
			isa = PBXNativeTarget;
			buildConfigurationList = E6C177B92B3D46D30011FE74 /* Build configuration list for PBXNativeTarget "EGPassOrderTests" */;
			buildPhases = (
				A5EA91A7363D61B3AE1F1A10 /* [CP] Check Pods Manifest.lock */,
				E6C1779E2B3D46D30011FE74 /* Sources */,
				E6C1779F2B3D46D30011FE74 /* Frameworks */,
				E6C177A02B3D46D30011FE74 /* Resources */,
			);
			buildRules = (
			);
			dependencies = (
				E6C177A42B3D46D30011FE74 /* PBXTargetDependency */,
			);
			name = EGPassOrderTests;
			productName = EGPassOrderTests;
			productReference = E6C177A22B3D46D30011FE74 /* EGPassOrderTests.xctest */;
			productType = "com.apple.product-type.bundle.unit-test";
		};
		E6C177AB2B3D46D30011FE74 /* EGPassOrderUITests */ = {
			isa = PBXNativeTarget;
			buildConfigurationList = E6C177BC2B3D46D30011FE74 /* Build configuration list for PBXNativeTarget "EGPassOrderUITests" */;
			buildPhases = (
				F6C25D9392134527A81F8FBB /* [CP] Check Pods Manifest.lock */,
				E6C177A82B3D46D30011FE74 /* Sources */,
				E6C177A92B3D46D30011FE74 /* Frameworks */,
				E6C177AA2B3D46D30011FE74 /* Resources */,
				15F01F4E4F82B25016A679AD /* [CP] Embed Pods Frameworks */,
			);
			buildRules = (
			);
			dependencies = (
				E6C177AE2B3D46D30011FE74 /* PBXTargetDependency */,
			);
			name = EGPassOrderUITests;
			productName = EGPassOrderUITests;
			productReference = E6C177AC2B3D46D30011FE74 /* EGPassOrderUITests.xctest */;
			productType = "com.apple.product-type.bundle.ui-testing";
		};
/* End PBXNativeTarget section */

/* Begin PBXProject section */
		E6C1778A2B3D46D10011FE74 /* Project object */ = {
			isa = PBXProject;
			attributes = {
				BuildIndependentTargetsInParallel = 1;
				LastSwiftUpdateCheck = 1510;
				LastUpgradeCheck = 1510;
				TargetAttributes = {
					E6C177912B3D46D10011FE74 = {
						CreatedOnToolsVersion = 15.1;
					};
					E6C177A12B3D46D30011FE74 = {
						CreatedOnToolsVersion = 15.1;
						TestTargetID = E6C177912B3D46D10011FE74;
					};
					E6C177AB2B3D46D30011FE74 = {
						CreatedOnToolsVersion = 15.1;
						TestTargetID = E6C177912B3D46D10011FE74;
					};
				};
			};
			buildConfigurationList = E6C1778D2B3D46D10011FE74 /* Build configuration list for PBXProject "EGPassOrder" */;
			compatibilityVersion = "Xcode 14.0";
			developmentRegion = en;
			hasScannedForEncodings = 0;
			knownRegions = (
				en,
				Base,
			);
			mainGroup = E6C177892B3D46D10011FE74;
			packageReferences = (
			);
			productRefGroup = E6C177932B3D46D10011FE74 /* Products */;
			projectDirPath = "";
			projectRoot = "";
			targets = (
				E6C177912B3D46D10011FE74 /* EGPassOrder */,
				E6C177A12B3D46D30011FE74 /* EGPassOrderTests */,
				E6C177AB2B3D46D30011FE74 /* EGPassOrderUITests */,
			);
		};
/* End PBXProject section */

/* Begin PBXResourcesBuildPhase section */
		E6C177902B3D46D10011FE74 /* Resources */ = {
			isa = PBXResourcesBuildPhase;
			buildActionMask = 2147483647;
			files = (
				E6BA6B8C2B4D4E0E000CF8C4 /* share100WonPopupCouponPresent.json in Resources */,
				E6BA6BA92B4D4E0E000CF8C4 /* usage3.json in Resources */,
				E6BA6B8A2B4D4E0E000CF8C4 /* time7.json in Resources */,
				E6BA6BB82B4D4E0E000CF8C4 /* write_naver_receipt_review_onboarding_2.json in Resources */,
				E6BA6B812B4D4E0E000CF8C4 /* write_naver_receipt_review_copy_text_guide.json in Resources */,
				E6C1779D2B3D46D20011FE74 /* Preview Assets.xcassets in Resources */,
				E6EB66422B43B19D00B82AD9 /* PassOrderAssets.xcassets in Resources */,
				E6BA6BAC2B4D4E0E000CF8C4 /* benefit5.json in Resources */,
				E6BA6B702B4D4E0E000CF8C4 /* tip5.json in Resources */,
				E6BA6B952B4D4E0E000CF8C4 /* time1.json in Resources */,
				E6BA6B7E2B4D4E0E000CF8C4 /* tip4.json in Resources */,
				E6BA6B782B4D4E0E000CF8C4 /* order_together_send_gift_button.json in Resources */,
				E6BA6BB62B4D4E0E000CF8C4 /* safety5.json in Resources */,
				E6BA6B8F2B4D4E0E000CF8C4 /* usage8.json in Resources */,
				E6BA6BB52B4D4E0E000CF8C4 /* write_naver_receipt_review_onboarding_1.json in Resources */,
				E6BA6B742B4D4E0E000CF8C4 /* benefit2.json in Resources */,
				E6BA6BB02B4D4E0E000CF8C4 /* usage12.json in Resources */,
				E6BA6B762B4D4E0E000CF8C4 /* time4.json in Resources */,
				E6BA6B902B4D4E0E000CF8C4 /* friend_report_friendship_90_10.json in Resources */,
				E6BA6BA42B4D4E0E000CF8C4 /* friend_report_friendship_30_70.json in Resources */,
				E6BA6B9D2B4D4E0E000CF8C4 /* manager1.json in Resources */,
				E6BA6B9F2B4D4E0E000CF8C4 /* write_naver_receipt_review_onboarding_3.json in Resources */,
				E6BA6B892B4D4E0E000CF8C4 /* usage2.json in Resources */,
				E6BA6BA02B4D4E0E000CF8C4 /* passorder3.json in Resources */,
				E6BA6B852B4D4E0E000CF8C4 /* order_together_button_nudge.json in Resources */,
				E6BA6BAD2B4D4E0E000CF8C4 /* manager3.json in Resources */,
				E6BA6B962B4D4E0E000CF8C4 /* friend_report_friendship_0_100.json in Resources */,
				E6BA6B752B4D4E0E000CF8C4 /* write_naver_receipt_review_guide_down.json in Resources */,
				E6BA6B802B4D4E0E000CF8C4 /* usage5.json in Resources */,
				E6BA6B732B4D4E0E000CF8C4 /* passorder1.json in Resources */,
				E6BA6B7B2B4D4E0E000CF8C4 /* benefit6.json in Resources */,
				E6BA6BAB2B4D4E0E000CF8C4 /* friend_report_friendship_50_50.json in Resources */,
				E6BA6B7A2B4D4E0E000CF8C4 /* time9.json in Resources */,
				E6BA6B8E2B4D4E0E000CF8C4 /* tip2.json in Resources */,
				E6BA6B7F2B4D4E0E000CF8C4 /* usage11.json in Resources */,
				E6BA6B832B4D4E0E000CF8C4 /* usage6.json in Resources */,
				E6BA6B9A2B4D4E0E000CF8C4 /* friend_report_friendship_70_30.json in Resources */,
				E6BA6BA22B4D4E0E000CF8C4 /* time5.json in Resources */,
				1601F33C2B42A8DE00A2AC61 /* Assets.xcassets in Resources */,
				E6BA6BA12B4D4E0E000CF8C4 /* safety3.json in Resources */,
				E6BA6BA32B4D4E0E000CF8C4 /* usage7.json in Resources */,
				E6BA6B922B4D4E0E000CF8C4 /* order_together_onboarding.json in Resources */,
				E6BA6B7C2B4D4E0E000CF8C4 /* usage9.json in Resources */,
				E6BA6BA82B4D4E0E000CF8C4 /* manager2.json in Resources */,
				E6BA6BAE2B4D4E0E000CF8C4 /* usage10.json in Resources */,
				E6BA6B872B4D4E0E000CF8C4 /* loading.json in Resources */,
				E6BA6B7D2B4D4E0E000CF8C4 /* benefit4.json in Resources */,
				E6BA6B722B4D4E0E000CF8C4 /* friend_report_friendship_100_0.json in Resources */,
				E6BA6B942B4D4E0E000CF8C4 /* time3.json in Resources */,
				E6BA6BB72B4D4E0E000CF8C4 /* right_arrow.json in Resources */,
				E6BA6B842B4D4E0E000CF8C4 /* friend_report_loading.json in Resources */,
				E6BA6B912B4D4E0E000CF8C4 /* passmoney_card_onboarding.json in Resources */,
				E6BA6BA72B4D4E0E000CF8C4 /* friend_report_friendship_20_80.json in Resources */,
				E6BA6B8D2B4D4E0E000CF8C4 /* tip1.json in Resources */,
				E6BA6B882B4D4E0E000CF8C4 /* time2.json in Resources */,
				E6BA6BB12B4D4E0E000CF8C4 /* benefit1.json in Resources */,
				E6BA6BAA2B4D4E0E000CF8C4 /* write_naver_receipt_review_loading.json in Resources */,
				E6BA6B992B4D4E0E000CF8C4 /* time8.json in Resources */,
				E6BA6B712B4D4E0E000CF8C4 /* gift_order_success.json in Resources */,
				E6BA6B792B4D4E0E000CF8C4 /* tip3.json in Resources */,
				E6018C232B3E95090032566E /* LottieCoffeeAnimation.json in Resources */,
				E6BA6BA62B4D4E0E000CF8C4 /* friend_report_down.json in Resources */,
				E6BA6B8B2B4D4E0E000CF8C4 /* passorder2.json in Resources */,
				E6BA6B9B2B4D4E0E000CF8C4 /* usage1.json in Resources */,
				E6BA6B932B4D4E0E000CF8C4 /* safety4.json in Resources */,
				E6BA6B972B4D4E0E000CF8C4 /* passmoney_card_pay.json in Resources */,
				E6BA6B982B4D4E0E000CF8C4 /* order_together_button.json in Resources */,
				E6BA6BB42B4D4E0E000CF8C4 /* safety1.json in Resources */,
				E6BA6BB22B4D4E0E000CF8C4 /* friend_report_friendship_60_40.json in Resources */,
				E6BA6B862B4D4E0E000CF8C4 /* friend_report_friendship_10_90.json in Resources */,
				E6BA6BA52B4D4E0E000CF8C4 /* friend_report_friendship_80_20.json in Resources */,
				E6BA6B822B4D4E0E000CF8C4 /* safety2.json in Resources */,
				E6BA6B772B4D4E0E000CF8C4 /* time6.json in Resources */,
				E6BA6BB32B4D4E0E000CF8C4 /* usage4.json in Resources */,
				E6BA6BAF2B4D4E0E000CF8C4 /* benefit3.json in Resources */,
				E6BA6B9C2B4D4E0E000CF8C4 /* friend_report_friendship_40_60.json in Resources */,
				E6BA6B9E2B4D4E0E000CF8C4 /* tip6.json in Resources */,
			);
			runOnlyForDeploymentPostprocessing = 0;
		};
		E6C177A02B3D46D30011FE74 /* Resources */ = {
			isa = PBXResourcesBuildPhase;
			buildActionMask = 2147483647;
			files = (
			);
			runOnlyForDeploymentPostprocessing = 0;
		};
		E6C177AA2B3D46D30011FE74 /* Resources */ = {
			isa = PBXResourcesBuildPhase;
			buildActionMask = 2147483647;
			files = (
			);
			runOnlyForDeploymentPostprocessing = 0;
		};
/* End PBXResourcesBuildPhase section */

/* Begin PBXShellScriptBuildPhase section */
		15F01F4E4F82B25016A679AD /* [CP] Embed Pods Frameworks */ = {
			isa = PBXShellScriptBuildPhase;
			buildActionMask = 2147483647;
			files = (
			);
			inputFileListPaths = (
				"${PODS_ROOT}/Target Support Files/Pods-EGPassOrder-EGPassOrderUITests/Pods-EGPassOrder-EGPassOrderUITests-frameworks-${CONFIGURATION}-input-files.xcfilelist",
			);
			name = "[CP] Embed Pods Frameworks";
			outputFileListPaths = (
				"${PODS_ROOT}/Target Support Files/Pods-EGPassOrder-EGPassOrderUITests/Pods-EGPassOrder-EGPassOrderUITests-frameworks-${CONFIGURATION}-output-files.xcfilelist",
			);
			runOnlyForDeploymentPostprocessing = 0;
			shellPath = /bin/sh;
			shellScript = "\"${PODS_ROOT}/Target Support Files/Pods-EGPassOrder-EGPassOrderUITests/Pods-EGPassOrder-EGPassOrderUITests-frameworks.sh\"\n";
			showEnvVarsInLog = 0;
		};
		1B04C84B81E6F48BF2AF7511 /* [CP] Embed Pods Frameworks */ = {
			isa = PBXShellScriptBuildPhase;
			buildActionMask = 2147483647;
			files = (
			);
			inputFileListPaths = (
				"${PODS_ROOT}/Target Support Files/Pods-EGPassOrder/Pods-EGPassOrder-frameworks-${CONFIGURATION}-input-files.xcfilelist",
			);
			name = "[CP] Embed Pods Frameworks";
			outputFileListPaths = (
				"${PODS_ROOT}/Target Support Files/Pods-EGPassOrder/Pods-EGPassOrder-frameworks-${CONFIGURATION}-output-files.xcfilelist",
			);
			runOnlyForDeploymentPostprocessing = 0;
			shellPath = /bin/sh;
			shellScript = "\"${PODS_ROOT}/Target Support Files/Pods-EGPassOrder/Pods-EGPassOrder-frameworks.sh\"\n";
			showEnvVarsInLog = 0;
		};
		69B9114F4111B6D0FB5B4617 /* [CP] Check Pods Manifest.lock */ = {
			isa = PBXShellScriptBuildPhase;
			buildActionMask = 2147483647;
			files = (
			);
			inputFileListPaths = (
			);
			inputPaths = (
				"${PODS_PODFILE_DIR_PATH}/Podfile.lock",
				"${PODS_ROOT}/Manifest.lock",
			);
			name = "[CP] Check Pods Manifest.lock";
			outputFileListPaths = (
			);
			outputPaths = (
				"$(DERIVED_FILE_DIR)/Pods-EGPassOrder-checkManifestLockResult.txt",
			);
			runOnlyForDeploymentPostprocessing = 0;
			shellPath = /bin/sh;
			shellScript = "diff \"${PODS_PODFILE_DIR_PATH}/Podfile.lock\" \"${PODS_ROOT}/Manifest.lock\" > /dev/null\nif [ $? != 0 ] ; then\n    # print error to STDERR\n    echo \"error: The sandbox is not in sync with the Podfile.lock. Run 'pod install' or update your CocoaPods installation.\" >&2\n    exit 1\nfi\n# This output is used by Xcode 'outputs' to avoid re-running this script phase.\necho \"SUCCESS\" > \"${SCRIPT_OUTPUT_FILE_0}\"\n";
			showEnvVarsInLog = 0;
		};
		A5EA91A7363D61B3AE1F1A10 /* [CP] Check Pods Manifest.lock */ = {
			isa = PBXShellScriptBuildPhase;
			buildActionMask = 2147483647;
			files = (
			);
			inputFileListPaths = (
			);
			inputPaths = (
				"${PODS_PODFILE_DIR_PATH}/Podfile.lock",
				"${PODS_ROOT}/Manifest.lock",
			);
			name = "[CP] Check Pods Manifest.lock";
			outputFileListPaths = (
			);
			outputPaths = (
				"$(DERIVED_FILE_DIR)/Pods-EGPassOrderTests-checkManifestLockResult.txt",
			);
			runOnlyForDeploymentPostprocessing = 0;
			shellPath = /bin/sh;
			shellScript = "diff \"${PODS_PODFILE_DIR_PATH}/Podfile.lock\" \"${PODS_ROOT}/Manifest.lock\" > /dev/null\nif [ $? != 0 ] ; then\n    # print error to STDERR\n    echo \"error: The sandbox is not in sync with the Podfile.lock. Run 'pod install' or update your CocoaPods installation.\" >&2\n    exit 1\nfi\n# This output is used by Xcode 'outputs' to avoid re-running this script phase.\necho \"SUCCESS\" > \"${SCRIPT_OUTPUT_FILE_0}\"\n";
			showEnvVarsInLog = 0;
		};
		F6C25D9392134527A81F8FBB /* [CP] Check Pods Manifest.lock */ = {
			isa = PBXShellScriptBuildPhase;
			buildActionMask = 2147483647;
			files = (
			);
			inputFileListPaths = (
			);
			inputPaths = (
				"${PODS_PODFILE_DIR_PATH}/Podfile.lock",
				"${PODS_ROOT}/Manifest.lock",
			);
			name = "[CP] Check Pods Manifest.lock";
			outputFileListPaths = (
			);
			outputPaths = (
				"$(DERIVED_FILE_DIR)/Pods-EGPassOrder-EGPassOrderUITests-checkManifestLockResult.txt",
			);
			runOnlyForDeploymentPostprocessing = 0;
			shellPath = /bin/sh;
			shellScript = "diff \"${PODS_PODFILE_DIR_PATH}/Podfile.lock\" \"${PODS_ROOT}/Manifest.lock\" > /dev/null\nif [ $? != 0 ] ; then\n    # print error to STDERR\n    echo \"error: The sandbox is not in sync with the Podfile.lock. Run 'pod install' or update your CocoaPods installation.\" >&2\n    exit 1\nfi\n# This output is used by Xcode 'outputs' to avoid re-running this script phase.\necho \"SUCCESS\" > \"${SCRIPT_OUTPUT_FILE_0}\"\n";
			showEnvVarsInLog = 0;
		};
/* End PBXShellScriptBuildPhase section */

/* Begin PBXSourcesBuildPhase section */
		E6C1778E2B3D46D10011FE74 /* Sources */ = {
			isa = PBXSourcesBuildPhase;
			buildActionMask = 2147483647;
			files = (
				1698FF8F2B42EA2000D5D49B /* HomeView.swift in Sources */,
				E6EB66402B43ADD100B82AD9 /* ShopListCellType.swift in Sources */,
				162A28FE2B45AFE7007EA03A /* MediumShopListCell.swift in Sources */,
				1601F3392B42A8A400A2AC61 /* OnBoardingPageControl.swift in Sources */,
				162A29002B45B455007EA03A /* SquareShopListCell.swift in Sources */,
				1601F3332B42A8A400A2AC61 /* OnBoardingPageView.swift in Sources */,
				E6EB664A2B43F36100B82AD9 /* HomeDrinkAndGoShopListView.swift in Sources */,
				E6BA6B192B4CD8F0000CF8C4 /* HomeCelebrationView.swift in Sources */,
				1601F3382B42A8A400A2AC61 /* OnBoardingPageViewController.swift in Sources */,
				E6EB665D2B46517700B82AD9 /* ShopListCellConfigurable.swift in Sources */,
				E6EB66462B43F2D300B82AD9 /* HomePassOrderAdView.swift in Sources */,
				1601F3462B42AB5200A2AC61 /* MainTabView.swift in Sources */,
				E6EB664C2B43F3CC00B82AD9 /* HomeNewShopListView.swift in Sources */,
				E6C177982B3D46D10011FE74 /* ContentView.swift in Sources */,
				E6C177962B3D46D10011FE74 /* EGPassOrderApp.swift in Sources */,
				E6018C1C2B3E742F0032566E /* SplashView.swift in Sources */,
				1601F3322B42A8A400A2AC61 /* OnBoardingPage.swift in Sources */,
				E6EB664E2B43F41600B82AD9 /* SmallShopListCell.swift in Sources */,
				E6EB66482B43F2F400B82AD9 /* HomeStoryShopListView.swift in Sources */,
				E6EB66442B43F10300B82AD9 /* HomePointShopListView.swift in Sources */,
				E6BA6B1B2B4CF46C000CF8C4 /* HomeMenuListView.swift in Sources */,
				E6BA6B252B4D4170000CF8C4 /* PromotionPageView.swift in Sources */,
				1698FF932B42EA6B00D5D49B /* HomeTabBarView.swift in Sources */,
				E6EB663B2B439E5400B82AD9 /* HomeNearbyShopListView.swift in Sources */,
				E6EB663E2B43A96A00B82AD9 /* LargeShopListCell.swift in Sources */,
				1698FF952B43007600D5D49B /* HomePromotionPageView.swift in Sources */,
				1698FF912B42EA5700D5D49B /* HomeSearchBarView.swift in Sources */,
			);
			runOnlyForDeploymentPostprocessing = 0;
		};
		E6C1779E2B3D46D30011FE74 /* Sources */ = {
			isa = PBXSourcesBuildPhase;
			buildActionMask = 2147483647;
			files = (
				E6C177A72B3D46D30011FE74 /* EGPassOrderTests.swift in Sources */,
			);
			runOnlyForDeploymentPostprocessing = 0;
		};
		E6C177A82B3D46D30011FE74 /* Sources */ = {
			isa = PBXSourcesBuildPhase;
			buildActionMask = 2147483647;
			files = (
				E6C177B32B3D46D30011FE74 /* EGPassOrderUITestsLaunchTests.swift in Sources */,
				E6C177B12B3D46D30011FE74 /* EGPassOrderUITests.swift in Sources */,
			);
			runOnlyForDeploymentPostprocessing = 0;
		};
/* End PBXSourcesBuildPhase section */

/* Begin PBXTargetDependency section */
		E6C177A42B3D46D30011FE74 /* PBXTargetDependency */ = {
			isa = PBXTargetDependency;
			target = E6C177912B3D46D10011FE74 /* EGPassOrder */;
			targetProxy = E6C177A32B3D46D30011FE74 /* PBXContainerItemProxy */;
		};
		E6C177AE2B3D46D30011FE74 /* PBXTargetDependency */ = {
			isa = PBXTargetDependency;
			target = E6C177912B3D46D10011FE74 /* EGPassOrder */;
			targetProxy = E6C177AD2B3D46D30011FE74 /* PBXContainerItemProxy */;
		};
/* End PBXTargetDependency section */

/* Begin XCBuildConfiguration section */
		E6C177B42B3D46D30011FE74 /* Debug */ = {
			isa = XCBuildConfiguration;
			buildSettings = {
				ALWAYS_SEARCH_USER_PATHS = NO;
				ASSETCATALOG_COMPILER_GENERATE_SWIFT_ASSET_SYMBOL_EXTENSIONS = YES;
				CLANG_ANALYZER_NONNULL = YES;
				CLANG_ANALYZER_NUMBER_OBJECT_CONVERSION = YES_AGGRESSIVE;
				CLANG_CXX_LANGUAGE_STANDARD = "gnu++20";
				CLANG_ENABLE_MODULES = YES;
				CLANG_ENABLE_OBJC_ARC = YES;
				CLANG_ENABLE_OBJC_WEAK = YES;
				CLANG_WARN_BLOCK_CAPTURE_AUTORELEASING = YES;
				CLANG_WARN_BOOL_CONVERSION = YES;
				CLANG_WARN_COMMA = YES;
				CLANG_WARN_CONSTANT_CONVERSION = YES;
				CLANG_WARN_DEPRECATED_OBJC_IMPLEMENTATIONS = YES;
				CLANG_WARN_DIRECT_OBJC_ISA_USAGE = YES_ERROR;
				CLANG_WARN_DOCUMENTATION_COMMENTS = YES;
				CLANG_WARN_EMPTY_BODY = YES;
				CLANG_WARN_ENUM_CONVERSION = YES;
				CLANG_WARN_INFINITE_RECURSION = YES;
				CLANG_WARN_INT_CONVERSION = YES;
				CLANG_WARN_NON_LITERAL_NULL_CONVERSION = YES;
				CLANG_WARN_OBJC_IMPLICIT_RETAIN_SELF = YES;
				CLANG_WARN_OBJC_LITERAL_CONVERSION = YES;
				CLANG_WARN_OBJC_ROOT_CLASS = YES_ERROR;
				CLANG_WARN_QUOTED_INCLUDE_IN_FRAMEWORK_HEADER = YES;
				CLANG_WARN_RANGE_LOOP_ANALYSIS = YES;
				CLANG_WARN_STRICT_PROTOTYPES = YES;
				CLANG_WARN_SUSPICIOUS_MOVE = YES;
				CLANG_WARN_UNGUARDED_AVAILABILITY = YES_AGGRESSIVE;
				CLANG_WARN_UNREACHABLE_CODE = YES;
				CLANG_WARN__DUPLICATE_METHOD_MATCH = YES;
				COPY_PHASE_STRIP = NO;
				DEBUG_INFORMATION_FORMAT = dwarf;
				ENABLE_STRICT_OBJC_MSGSEND = YES;
				ENABLE_TESTABILITY = YES;
				ENABLE_USER_SCRIPT_SANDBOXING = NO;
				GCC_C_LANGUAGE_STANDARD = gnu17;
				GCC_DYNAMIC_NO_PIC = NO;
				GCC_NO_COMMON_BLOCKS = YES;
				GCC_OPTIMIZATION_LEVEL = 0;
				GCC_PREPROCESSOR_DEFINITIONS = (
					"DEBUG=1",
					"$(inherited)",
				);
				GCC_WARN_64_TO_32_BIT_CONVERSION = YES;
				GCC_WARN_ABOUT_RETURN_TYPE = YES_ERROR;
				GCC_WARN_UNDECLARED_SELECTOR = YES;
				GCC_WARN_UNINITIALIZED_AUTOS = YES_AGGRESSIVE;
				GCC_WARN_UNUSED_FUNCTION = YES;
				GCC_WARN_UNUSED_VARIABLE = YES;
				IPHONEOS_DEPLOYMENT_TARGET = 17.0;
				LOCALIZATION_PREFERS_STRING_CATALOGS = YES;
				MTL_ENABLE_DEBUG_INFO = INCLUDE_SOURCE;
				MTL_FAST_MATH = YES;
				ONLY_ACTIVE_ARCH = YES;
				SDKROOT = iphoneos;
				SWIFT_ACTIVE_COMPILATION_CONDITIONS = "DEBUG $(inherited)";
				SWIFT_OPTIMIZATION_LEVEL = "-Onone";
			};
			name = Debug;
		};
		E6C177B52B3D46D30011FE74 /* Release */ = {
			isa = XCBuildConfiguration;
			buildSettings = {
				ALWAYS_SEARCH_USER_PATHS = NO;
				ASSETCATALOG_COMPILER_GENERATE_SWIFT_ASSET_SYMBOL_EXTENSIONS = YES;
				CLANG_ANALYZER_NONNULL = YES;
				CLANG_ANALYZER_NUMBER_OBJECT_CONVERSION = YES_AGGRESSIVE;
				CLANG_CXX_LANGUAGE_STANDARD = "gnu++20";
				CLANG_ENABLE_MODULES = YES;
				CLANG_ENABLE_OBJC_ARC = YES;
				CLANG_ENABLE_OBJC_WEAK = YES;
				CLANG_WARN_BLOCK_CAPTURE_AUTORELEASING = YES;
				CLANG_WARN_BOOL_CONVERSION = YES;
				CLANG_WARN_COMMA = YES;
				CLANG_WARN_CONSTANT_CONVERSION = YES;
				CLANG_WARN_DEPRECATED_OBJC_IMPLEMENTATIONS = YES;
				CLANG_WARN_DIRECT_OBJC_ISA_USAGE = YES_ERROR;
				CLANG_WARN_DOCUMENTATION_COMMENTS = YES;
				CLANG_WARN_EMPTY_BODY = YES;
				CLANG_WARN_ENUM_CONVERSION = YES;
				CLANG_WARN_INFINITE_RECURSION = YES;
				CLANG_WARN_INT_CONVERSION = YES;
				CLANG_WARN_NON_LITERAL_NULL_CONVERSION = YES;
				CLANG_WARN_OBJC_IMPLICIT_RETAIN_SELF = YES;
				CLANG_WARN_OBJC_LITERAL_CONVERSION = YES;
				CLANG_WARN_OBJC_ROOT_CLASS = YES_ERROR;
				CLANG_WARN_QUOTED_INCLUDE_IN_FRAMEWORK_HEADER = YES;
				CLANG_WARN_RANGE_LOOP_ANALYSIS = YES;
				CLANG_WARN_STRICT_PROTOTYPES = YES;
				CLANG_WARN_SUSPICIOUS_MOVE = YES;
				CLANG_WARN_UNGUARDED_AVAILABILITY = YES_AGGRESSIVE;
				CLANG_WARN_UNREACHABLE_CODE = YES;
				CLANG_WARN__DUPLICATE_METHOD_MATCH = YES;
				COPY_PHASE_STRIP = NO;
				DEBUG_INFORMATION_FORMAT = "dwarf-with-dsym";
				ENABLE_NS_ASSERTIONS = NO;
				ENABLE_STRICT_OBJC_MSGSEND = YES;
				ENABLE_USER_SCRIPT_SANDBOXING = NO;
				GCC_C_LANGUAGE_STANDARD = gnu17;
				GCC_NO_COMMON_BLOCKS = YES;
				GCC_WARN_64_TO_32_BIT_CONVERSION = YES;
				GCC_WARN_ABOUT_RETURN_TYPE = YES_ERROR;
				GCC_WARN_UNDECLARED_SELECTOR = YES;
				GCC_WARN_UNINITIALIZED_AUTOS = YES_AGGRESSIVE;
				GCC_WARN_UNUSED_FUNCTION = YES;
				GCC_WARN_UNUSED_VARIABLE = YES;
				IPHONEOS_DEPLOYMENT_TARGET = 17.0;
				LOCALIZATION_PREFERS_STRING_CATALOGS = YES;
				MTL_ENABLE_DEBUG_INFO = NO;
				MTL_FAST_MATH = YES;
				SDKROOT = iphoneos;
				SWIFT_COMPILATION_MODE = wholemodule;
				VALIDATE_PRODUCT = YES;
			};
			name = Release;
		};
		E6C177B72B3D46D30011FE74 /* Debug */ = {
			isa = XCBuildConfiguration;
			baseConfigurationReference = 188FDF47C69FE654771D02EF /* Pods-EGPassOrder.debug.xcconfig */;
			buildSettings = {
				ASSETCATALOG_COMPILER_APPICON_NAME = AppIcon;
				ASSETCATALOG_COMPILER_GLOBAL_ACCENT_COLOR_NAME = AccentColor;
				CODE_SIGN_STYLE = Automatic;
				CURRENT_PROJECT_VERSION = 1;
				DEVELOPMENT_ASSET_PATHS = "\"EGPassOrder/Preview Content\"";
				DEVELOPMENT_TEAM = MYG2RXV545;
				ENABLE_PREVIEWS = YES;
				GENERATE_INFOPLIST_FILE = YES;
				INFOPLIST_KEY_UIApplicationSceneManifest_Generation = YES;
				INFOPLIST_KEY_UIApplicationSupportsIndirectInputEvents = YES;
				INFOPLIST_KEY_UILaunchScreen_Generation = YES;
				INFOPLIST_KEY_UISupportedInterfaceOrientations_iPad = "UIInterfaceOrientationPortrait UIInterfaceOrientationPortraitUpsideDown UIInterfaceOrientationLandscapeLeft UIInterfaceOrientationLandscapeRight";
				INFOPLIST_KEY_UISupportedInterfaceOrientations_iPhone = "UIInterfaceOrientationPortrait UIInterfaceOrientationLandscapeLeft UIInterfaceOrientationLandscapeRight";
				LD_RUNPATH_SEARCH_PATHS = (
					"$(inherited)",
					"@executable_path/Frameworks",
				);
				MARKETING_VERSION = 1.0;
				PRODUCT_BUNDLE_IDENTIFIER = com.Egon.EGPassOrder;
				PRODUCT_NAME = "$(TARGET_NAME)";
				SWIFT_EMIT_LOC_STRINGS = YES;
				SWIFT_VERSION = 5.0;
				TARGETED_DEVICE_FAMILY = "1,2";
			};
			name = Debug;
		};
		E6C177B82B3D46D30011FE74 /* Release */ = {
			isa = XCBuildConfiguration;
			baseConfigurationReference = F83E9B2F84E2C8B6D2DC6828 /* Pods-EGPassOrder.release.xcconfig */;
			buildSettings = {
				ASSETCATALOG_COMPILER_APPICON_NAME = AppIcon;
				ASSETCATALOG_COMPILER_GLOBAL_ACCENT_COLOR_NAME = AccentColor;
				CODE_SIGN_STYLE = Automatic;
				CURRENT_PROJECT_VERSION = 1;
				DEVELOPMENT_ASSET_PATHS = "\"EGPassOrder/Preview Content\"";
				DEVELOPMENT_TEAM = MYG2RXV545;
				ENABLE_PREVIEWS = YES;
				GENERATE_INFOPLIST_FILE = YES;
				INFOPLIST_KEY_UIApplicationSceneManifest_Generation = YES;
				INFOPLIST_KEY_UIApplicationSupportsIndirectInputEvents = YES;
				INFOPLIST_KEY_UILaunchScreen_Generation = YES;
				INFOPLIST_KEY_UISupportedInterfaceOrientations_iPad = "UIInterfaceOrientationPortrait UIInterfaceOrientationPortraitUpsideDown UIInterfaceOrientationLandscapeLeft UIInterfaceOrientationLandscapeRight";
				INFOPLIST_KEY_UISupportedInterfaceOrientations_iPhone = "UIInterfaceOrientationPortrait UIInterfaceOrientationLandscapeLeft UIInterfaceOrientationLandscapeRight";
				LD_RUNPATH_SEARCH_PATHS = (
					"$(inherited)",
					"@executable_path/Frameworks",
				);
				MARKETING_VERSION = 1.0;
				PRODUCT_BUNDLE_IDENTIFIER = com.Egon.EGPassOrder;
				PRODUCT_NAME = "$(TARGET_NAME)";
				SWIFT_EMIT_LOC_STRINGS = YES;
				SWIFT_VERSION = 5.0;
				TARGETED_DEVICE_FAMILY = "1,2";
			};
			name = Release;
		};
		E6C177BA2B3D46D30011FE74 /* Debug */ = {
			isa = XCBuildConfiguration;
			baseConfigurationReference = BF2D68A594552C9EB52987EC /* Pods-EGPassOrderTests.debug.xcconfig */;
			buildSettings = {
				ALWAYS_EMBED_SWIFT_STANDARD_LIBRARIES = YES;
				BUNDLE_LOADER = "$(TEST_HOST)";
				CODE_SIGN_STYLE = Automatic;
				CURRENT_PROJECT_VERSION = 1;
				DEVELOPMENT_TEAM = MYG2RXV545;
				GENERATE_INFOPLIST_FILE = YES;
				IPHONEOS_DEPLOYMENT_TARGET = 17.2;
				MARKETING_VERSION = 1.0;
				PRODUCT_BUNDLE_IDENTIFIER = com.Egon.EGPassOrderTests;
				PRODUCT_NAME = "$(TARGET_NAME)";
				SWIFT_EMIT_LOC_STRINGS = NO;
				SWIFT_VERSION = 5.0;
				TARGETED_DEVICE_FAMILY = "1,2";
				TEST_HOST = "$(BUILT_PRODUCTS_DIR)/EGPassOrder.app/$(BUNDLE_EXECUTABLE_FOLDER_PATH)/EGPassOrder";
			};
			name = Debug;
		};
		E6C177BB2B3D46D30011FE74 /* Release */ = {
			isa = XCBuildConfiguration;
			baseConfigurationReference = 2D8FAF7CB368DCD52D3CA9D3 /* Pods-EGPassOrderTests.release.xcconfig */;
			buildSettings = {
				ALWAYS_EMBED_SWIFT_STANDARD_LIBRARIES = YES;
				BUNDLE_LOADER = "$(TEST_HOST)";
				CODE_SIGN_STYLE = Automatic;
				CURRENT_PROJECT_VERSION = 1;
				DEVELOPMENT_TEAM = MYG2RXV545;
				GENERATE_INFOPLIST_FILE = YES;
				IPHONEOS_DEPLOYMENT_TARGET = 17.2;
				MARKETING_VERSION = 1.0;
				PRODUCT_BUNDLE_IDENTIFIER = com.Egon.EGPassOrderTests;
				PRODUCT_NAME = "$(TARGET_NAME)";
				SWIFT_EMIT_LOC_STRINGS = NO;
				SWIFT_VERSION = 5.0;
				TARGETED_DEVICE_FAMILY = "1,2";
				TEST_HOST = "$(BUILT_PRODUCTS_DIR)/EGPassOrder.app/$(BUNDLE_EXECUTABLE_FOLDER_PATH)/EGPassOrder";
			};
			name = Release;
		};
		E6C177BD2B3D46D30011FE74 /* Debug */ = {
			isa = XCBuildConfiguration;
			baseConfigurationReference = 37558ADC9EE1925DE43A2887 /* Pods-EGPassOrder-EGPassOrderUITests.debug.xcconfig */;
			buildSettings = {
				ALWAYS_EMBED_SWIFT_STANDARD_LIBRARIES = YES;
				CODE_SIGN_STYLE = Automatic;
				CURRENT_PROJECT_VERSION = 1;
				DEVELOPMENT_TEAM = MYG2RXV545;
				GENERATE_INFOPLIST_FILE = YES;
				MARKETING_VERSION = 1.0;
				PRODUCT_BUNDLE_IDENTIFIER = com.Egon.EGPassOrderUITests;
				PRODUCT_NAME = "$(TARGET_NAME)";
				SWIFT_EMIT_LOC_STRINGS = NO;
				SWIFT_VERSION = 5.0;
				TARGETED_DEVICE_FAMILY = "1,2";
				TEST_TARGET_NAME = EGPassOrder;
			};
			name = Debug;
		};
		E6C177BE2B3D46D30011FE74 /* Release */ = {
			isa = XCBuildConfiguration;
			baseConfigurationReference = 99DB7138240CEB9200DB6D06 /* Pods-EGPassOrder-EGPassOrderUITests.release.xcconfig */;
			buildSettings = {
				ALWAYS_EMBED_SWIFT_STANDARD_LIBRARIES = YES;
				CODE_SIGN_STYLE = Automatic;
				CURRENT_PROJECT_VERSION = 1;
				DEVELOPMENT_TEAM = MYG2RXV545;
				GENERATE_INFOPLIST_FILE = YES;
				MARKETING_VERSION = 1.0;
				PRODUCT_BUNDLE_IDENTIFIER = com.Egon.EGPassOrderUITests;
				PRODUCT_NAME = "$(TARGET_NAME)";
				SWIFT_EMIT_LOC_STRINGS = NO;
				SWIFT_VERSION = 5.0;
				TARGETED_DEVICE_FAMILY = "1,2";
				TEST_TARGET_NAME = EGPassOrder;
			};
			name = Release;
		};
/* End XCBuildConfiguration section */

/* Begin XCConfigurationList section */
		E6C1778D2B3D46D10011FE74 /* Build configuration list for PBXProject "EGPassOrder" */ = {
			isa = XCConfigurationList;
			buildConfigurations = (
				E6C177B42B3D46D30011FE74 /* Debug */,
				E6C177B52B3D46D30011FE74 /* Release */,
			);
			defaultConfigurationIsVisible = 0;
			defaultConfigurationName = Release;
		};
		E6C177B62B3D46D30011FE74 /* Build configuration list for PBXNativeTarget "EGPassOrder" */ = {
			isa = XCConfigurationList;
			buildConfigurations = (
				E6C177B72B3D46D30011FE74 /* Debug */,
				E6C177B82B3D46D30011FE74 /* Release */,
			);
			defaultConfigurationIsVisible = 0;
			defaultConfigurationName = Release;
		};
		E6C177B92B3D46D30011FE74 /* Build configuration list for PBXNativeTarget "EGPassOrderTests" */ = {
			isa = XCConfigurationList;
			buildConfigurations = (
				E6C177BA2B3D46D30011FE74 /* Debug */,
				E6C177BB2B3D46D30011FE74 /* Release */,
			);
			defaultConfigurationIsVisible = 0;
			defaultConfigurationName = Release;
		};
		E6C177BC2B3D46D30011FE74 /* Build configuration list for PBXNativeTarget "EGPassOrderUITests" */ = {
			isa = XCConfigurationList;
			buildConfigurations = (
				E6C177BD2B3D46D30011FE74 /* Debug */,
				E6C177BE2B3D46D30011FE74 /* Release */,
			);
			defaultConfigurationIsVisible = 0;
			defaultConfigurationName = Release;
		};
/* End XCConfigurationList section */
	};
	rootObject = E6C1778A2B3D46D10011FE74 /* Project object */;
}
